// !$*UTF8*$!
{
	archiveVersion = 1;
	classes = {
	};
	objectVersion = 46;
	objects = {

/* Begin PBXBuildFile section */
		81043F881C30876A00CEB09C /* instanced_array.fs in Resources */ = {isa = PBXBuildFile; fileRef = 81043F871C30876A00CEB09C /* instanced_array.fs */; settings = {ASSET_TAGS = (); }; };
		81043F8A1C30877900CEB09C /* instanced_array.vs in Resources */ = {isa = PBXBuildFile; fileRef = 81043F891C30877900CEB09C /* instanced_array.vs */; settings = {ASSET_TAGS = (); }; };
		81176D851C1FC90D0025EB6C /* basic_shader.fs in Resources */ = {isa = PBXBuildFile; fileRef = 81176D841C1FC90D0025EB6C /* basic_shader.fs */; settings = {ASSET_TAGS = (); }; };
		81176D871C1FC9230025EB6C /* basic_shader.vs in Resources */ = {isa = PBXBuildFile; fileRef = 81176D861C1FC9230025EB6C /* basic_shader.vs */; settings = {ASSET_TAGS = (); }; };
		81176D8A1C1FC9640025EB6C /* gl_shaders.cpp in Sources */ = {isa = PBXBuildFile; fileRef = 81176D881C1FC9640025EB6C /* gl_shaders.cpp */; settings = {ASSET_TAGS = (); }; };
		81176D901C1FCBEF0025EB6C /* resources.cpp in Sources */ = {isa = PBXBuildFile; fileRef = 81176D8E1C1FCBEF0025EB6C /* resources.cpp */; settings = {ASSET_TAGS = (); }; };
		81176D921C1FE43D0025EB6C /* libboost_filesystem.a in Frameworks */ = {isa = PBXBuildFile; fileRef = 81176D911C1FE43D0025EB6C /* libboost_filesystem.a */; };
		81176D981C1FE4B80025EB6C /* libboost_filesystem.dylib in Frameworks */ = {isa = PBXBuildFile; fileRef = 81176D931C1FE4B80025EB6C /* libboost_filesystem.dylib */; };
		81176D991C1FE4B80025EB6C /* libboost_iostreams.a in Frameworks */ = {isa = PBXBuildFile; fileRef = 81176D941C1FE4B80025EB6C /* libboost_iostreams.a */; };
		81176D9A1C1FE4B80025EB6C /* libboost_iostreams.dylib in Frameworks */ = {isa = PBXBuildFile; fileRef = 81176D951C1FE4B80025EB6C /* libboost_iostreams.dylib */; };
		81176D9B1C1FE4B80025EB6C /* libboost_system.a in Frameworks */ = {isa = PBXBuildFile; fileRef = 81176D961C1FE4B80025EB6C /* libboost_system.a */; };
		81176D9C1C1FE4B80025EB6C /* libboost_system.dylib in Frameworks */ = {isa = PBXBuildFile; fileRef = 81176D971C1FE4B80025EB6C /* libboost_system.dylib */; };
		81176DAC1C22325E0025EB6C /* gl_wrapper.cpp in Sources */ = {isa = PBXBuildFile; fileRef = 81176DAA1C22325E0025EB6C /* gl_wrapper.cpp */; settings = {ASSET_TAGS = (); }; };
		81176DB01C229E3E0025EB6C /* ubo_test.cpp in Sources */ = {isa = PBXBuildFile; fileRef = 81176DAE1C229E3D0025EB6C /* ubo_test.cpp */; settings = {ASSET_TAGS = (); }; };
		81176DFE1C24D5580025EB6C /* stb_vorbis.c in Sources */ = {isa = PBXBuildFile; fileRef = 81176DF91C24D5580025EB6C /* stb_vorbis.c */; settings = {ASSET_TAGS = (); }; };
		811D7C951C4372AD00668735 /* gamepad_text_input.cpp in Sources */ = {isa = PBXBuildFile; fileRef = 811D7C931C4372AD00668735 /* gamepad_text_input.cpp */; settings = {ASSET_TAGS = (); }; };
		815D61F41C1F6574005DB2A8 /* main.cpp in Sources */ = {isa = PBXBuildFile; fileRef = 815D61F31C1F6574005DB2A8 /* main.cpp */; settings = {ASSET_TAGS = (); }; };
		815D61F61C1F65B0005DB2A8 /* OpenGL.framework in Frameworks */ = {isa = PBXBuildFile; fileRef = 815D61F51C1F65B0005DB2A8 /* OpenGL.framework */; };
		815D61F81C1F65B9005DB2A8 /* CoreVideo.framework in Frameworks */ = {isa = PBXBuildFile; fileRef = 815D61F71C1F65B9005DB2A8 /* CoreVideo.framework */; };
		815D61FA1C1F65BE005DB2A8 /* IOKit.framework in Frameworks */ = {isa = PBXBuildFile; fileRef = 815D61F91C1F65BE005DB2A8 /* IOKit.framework */; };
		815D61FC1C1F65C2005DB2A8 /* Cocoa.framework in Frameworks */ = {isa = PBXBuildFile; fileRef = 815D61FB1C1F65C2005DB2A8 /* Cocoa.framework */; };
		815D62001C1F65E7005DB2A8 /* libglfw3.a in Frameworks */ = {isa = PBXBuildFile; fileRef = 815D61FE1C1F65E7005DB2A8 /* libglfw3.a */; };
		815D62091C1F670F005DB2A8 /* app.cpp in Sources */ = {isa = PBXBuildFile; fileRef = 815D62071C1F670F005DB2A8 /* app.cpp */; settings = {ASSET_TAGS = (); }; };
		815D620E1C1F7D9F005DB2A8 /* triangles.cpp in Sources */ = {isa = PBXBuildFile; fileRef = 815D620C1C1F7D9F005DB2A8 /* triangles.cpp */; settings = {ASSET_TAGS = (); }; };
		815D62111C1F7E42005DB2A8 /* modules.cpp in Sources */ = {isa = PBXBuildFile; fileRef = 815D620F1C1F7E42005DB2A8 /* modules.cpp */; settings = {ASSET_TAGS = (); }; };
		81A01BCD1C4B026E00E00897 /* libGLEW.1.13.0.dylib in Frameworks */ = {isa = PBXBuildFile; fileRef = 81A01BCC1C4B026E00E00897 /* libGLEW.1.13.0.dylib */; };
		81A01BCF1C4B02BF00E00897 /* libmozjs-.dylib in Frameworks */ = {isa = PBXBuildFile; fileRef = 81A01BCE1C4B02BF00E00897 /* libmozjs-.dylib */; };
		81A01BD31C4B02FF00E00897 /* JSInstance.cpp in Sources */ = {isa = PBXBuildFile; fileRef = 81A01BD11C4B02FF00E00897 /* JSInstance.cpp */; settings = {ASSET_TAGS = (); }; };
		81A01BD61C4B190100E00897 /* thread_worker.cpp in Sources */ = {isa = PBXBuildFile; fileRef = 81A01BD41C4B190100E00897 /* thread_worker.cpp */; settings = {ASSET_TAGS = (); }; };
		81A01BD91C4B2A9E00E00897 /* js_thread_instance.cpp in Sources */ = {isa = PBXBuildFile; fileRef = 81A01BD71C4B2A9E00E00897 /* js_thread_instance.cpp */; settings = {ASSET_TAGS = (); }; };
		81A01BDD1C4B993D00E00897 /* jstest.cpp in Sources */ = {isa = PBXBuildFile; fileRef = 81A01BDB1C4B993D00E00897 /* jstest.cpp */; settings = {ASSET_TAGS = (); }; };
		81A01BE11C4F34B300E00897 /* script_api.cpp in Sources */ = {isa = PBXBuildFile; fileRef = 81A01BDF1C4F34B300E00897 /* script_api.cpp */; settings = {ASSET_TAGS = (); }; };
		81A01BE71C4F353000E00897 /* lua_instance.cpp in Sources */ = {isa = PBXBuildFile; fileRef = 81A01BE51C4F353000E00897 /* lua_instance.cpp */; settings = {ASSET_TAGS = (); }; };
		81A01BEB1C5096B000E00897 /* liblua.5.2.4.dylib in Frameworks */ = {isa = PBXBuildFile; fileRef = 81A01BEA1C5096B000E00897 /* liblua.5.2.4.dylib */; };
		81A01BEE1C51C88100E00897 /* fswatcher.cpp in Sources */ = {isa = PBXBuildFile; fileRef = 81A01BEC1C51C88100E00897 /* fswatcher.cpp */; settings = {ASSET_TAGS = (); }; };
		81A01BF21C51C8B300E00897 /* fswatcher_osx.cpp in Sources */ = {isa = PBXBuildFile; fileRef = 81A01BF01C51C8B300E00897 /* fswatcher_osx.cpp */; settings = {ASSET_TAGS = (); }; };
		81A01BFA1C51CEE600E00897 /* main.cpp in Sources */ = {isa = PBXBuildFile; fileRef = 81A01BF91C51CEE600E00897 /* main.cpp */; };
		81A01C011C522A4D00E00897 /* CoreFoundation.framework in Frameworks */ = {isa = PBXBuildFile; fileRef = 81A01C001C522A4D00E00897 /* CoreFoundation.framework */; };
		81A01C021C522A6E00E00897 /* CoreServices.framework in Frameworks */ = {isa = PBXBuildFile; fileRef = 81A01BFE1C52271600E00897 /* CoreServices.framework */; };
		81A01C031C522A7B00E00897 /* CoreFoundation.framework in Frameworks */ = {isa = PBXBuildFile; fileRef = 81A01C001C522A4D00E00897 /* CoreFoundation.framework */; };
		81A01C041C522A7F00E00897 /* CoreServices.framework in Frameworks */ = {isa = PBXBuildFile; fileRef = 81A01BFE1C52271600E00897 /* CoreServices.framework */; };
		81A01C0C1C543BEF00E00897 /* main.cpp in Sources */ = {isa = PBXBuildFile; fileRef = 81A01C0B1C543BEF00E00897 /* main.cpp */; };
		81A01C131C543CA100E00897 /* resource_layer.cpp in Sources */ = {isa = PBXBuildFile; fileRef = 81A01C111C543CA100E00897 /* resource_layer.cpp */; settings = {ASSET_TAGS = (); }; };
		81AB41021C260CAA00151156 /* ubo_test.fs in Resources */ = {isa = PBXBuildFile; fileRef = 81AB41011C260CAA00151156 /* ubo_test.fs */; settings = {ASSET_TAGS = (); }; };
		81AB41041C260CC800151156 /* ubo_test.vs in Resources */ = {isa = PBXBuildFile; fileRef = 81AB41031C260CC800151156 /* ubo_test.vs */; settings = {ASSET_TAGS = (); }; };
		81AB410B1C27CF1A00151156 /* obj_viewer.cpp in Sources */ = {isa = PBXBuildFile; fileRef = 81AB41091C27CF1A00151156 /* obj_viewer.cpp */; settings = {ASSET_TAGS = (); }; };
		81AB41441C27D66F00151156 /* cube.obj in Resources */ = {isa = PBXBuildFile; fileRef = 81AB410E1C27D66F00151156 /* cube.obj */; settings = {ASSET_TAGS = (); }; };
		81AB41451C27D66F00151156 /* default.mtl in Resources */ = {isa = PBXBuildFile; fileRef = 81AB410F1C27D66F00151156 /* default.mtl */; settings = {ASSET_TAGS = (); }; };
		81AB41461C27D66F00151156 /* default.png in Resources */ = {isa = PBXBuildFile; fileRef = 81AB41101C27D66F00151156 /* default.png */; settings = {ASSET_TAGS = (); }; };
		81AB41471C27D66F00151156 /* 00_skap.JPG in Resources */ = {isa = PBXBuildFile; fileRef = 81AB41121C27D66F00151156 /* 00_skap.JPG */; settings = {ASSET_TAGS = (); }; };
		81AB41481C27D66F00151156 /* 01_S_ba.JPG in Resources */ = {isa = PBXBuildFile; fileRef = 81AB41131C27D66F00151156 /* 01_S_ba.JPG */; settings = {ASSET_TAGS = (); }; };
		81AB41491C27D66F00151156 /* 01_S_kap-bump.jpg in Resources */ = {isa = PBXBuildFile; fileRef = 81AB41141C27D66F00151156 /* 01_S_kap-bump.jpg */; settings = {ASSET_TAGS = (); }; };
		81AB414A1C27D66F00151156 /* 01_S_kap.JPG in Resources */ = {isa = PBXBuildFile; fileRef = 81AB41151C27D66F00151156 /* 01_S_kap.JPG */; settings = {ASSET_TAGS = (); }; };
		81AB414B1C27D66F00151156 /* 01_St_kp-bump.jpg in Resources */ = {isa = PBXBuildFile; fileRef = 81AB41161C27D66F00151156 /* 01_St_kp-bump.jpg */; settings = {ASSET_TAGS = (); }; };
		81AB414C1C27D66F00151156 /* 01_St_kp.JPG in Resources */ = {isa = PBXBuildFile; fileRef = 81AB41171C27D66F00151156 /* 01_St_kp.JPG */; settings = {ASSET_TAGS = (); }; };
		81AB414D1C27D66F00151156 /* 01_STUB-bump.jpg in Resources */ = {isa = PBXBuildFile; fileRef = 81AB41181C27D66F00151156 /* 01_STUB-bump.jpg */; settings = {ASSET_TAGS = (); }; };
		81AB414E1C27D66F00151156 /* 01_STUB.JPG in Resources */ = {isa = PBXBuildFile; fileRef = 81AB41191C27D66F00151156 /* 01_STUB.JPG */; settings = {ASSET_TAGS = (); }; };
		81AB414F1C27D66F00151156 /* copyright.txt in Resources */ = {isa = PBXBuildFile; fileRef = 81AB411A1C27D66F00151156 /* copyright.txt */; settings = {ASSET_TAGS = (); }; };
		81AB41501C27D66F00151156 /* KAMEN-bump.jpg in Resources */ = {isa = PBXBuildFile; fileRef = 81AB411B1C27D66F00151156 /* KAMEN-bump.jpg */; settings = {ASSET_TAGS = (); }; };
		81AB41511C27D66F00151156 /* KAMEN-stup.JPG in Resources */ = {isa = PBXBuildFile; fileRef = 81AB411C1C27D66F00151156 /* KAMEN-stup.JPG */; settings = {ASSET_TAGS = (); }; };
		81AB41521C27D66F00151156 /* KAMEN.JPG in Resources */ = {isa = PBXBuildFile; fileRef = 81AB411D1C27D66F00151156 /* KAMEN.JPG */; settings = {ASSET_TAGS = (); }; };
		81AB41531C27D66F00151156 /* prozor1.JPG in Resources */ = {isa = PBXBuildFile; fileRef = 81AB411E1C27D66F00151156 /* prozor1.JPG */; settings = {ASSET_TAGS = (); }; };
		81AB41541C27D66F00151156 /* reljef-bump.jpg in Resources */ = {isa = PBXBuildFile; fileRef = 81AB411F1C27D66F00151156 /* reljef-bump.jpg */; settings = {ASSET_TAGS = (); }; };
		81AB41551C27D66F00151156 /* reljef.JPG in Resources */ = {isa = PBXBuildFile; fileRef = 81AB41201C27D66F00151156 /* reljef.JPG */; settings = {ASSET_TAGS = (); }; };
		81AB41561C27D66F00151156 /* sp_luk-bump.JPG in Resources */ = {isa = PBXBuildFile; fileRef = 81AB41211C27D66F00151156 /* sp_luk-bump.JPG */; settings = {ASSET_TAGS = (); }; };
		81AB41571C27D66F00151156 /* sp_luk.JPG in Resources */ = {isa = PBXBuildFile; fileRef = 81AB41221C27D66F00151156 /* sp_luk.JPG */; settings = {ASSET_TAGS = (); }; };
		81AB41581C27D66F00151156 /* sponza.max in Resources */ = {isa = PBXBuildFile; fileRef = 81AB41231C27D66F00151156 /* sponza.max */; settings = {ASSET_TAGS = (); }; };
		81AB41591C27D66F00151156 /* sponza.mtl in Resources */ = {isa = PBXBuildFile; fileRef = 81AB41241C27D66F00151156 /* sponza.mtl */; settings = {ASSET_TAGS = (); }; };
		81AB415A1C27D66F00151156 /* sponza.obj in Resources */ = {isa = PBXBuildFile; fileRef = 81AB41251C27D66F00151156 /* sponza.obj */; settings = {ASSET_TAGS = (); }; };
		81AB415B1C27D66F00151156 /* vrata_ko.JPG in Resources */ = {isa = PBXBuildFile; fileRef = 81AB41261C27D66F00151156 /* vrata_ko.JPG */; settings = {ASSET_TAGS = (); }; };
		81AB415C1C27D66F00151156 /* vrata_kr.JPG in Resources */ = {isa = PBXBuildFile; fileRef = 81AB41271C27D66F00151156 /* vrata_kr.JPG */; settings = {ASSET_TAGS = (); }; };
		81AB415D1C27D66F00151156 /* x01_st-bump.jpg in Resources */ = {isa = PBXBuildFile; fileRef = 81AB41281C27D66F00151156 /* x01_st-bump.jpg */; settings = {ASSET_TAGS = (); }; };
		81AB415E1C27D66F00151156 /* x01_st.JPG in Resources */ = {isa = PBXBuildFile; fileRef = 81AB41291C27D66F00151156 /* x01_st.JPG */; settings = {ASSET_TAGS = (); }; };
		81AB415F1C27D66F00151156 /* dragon.obj in Resources */ = {isa = PBXBuildFile; fileRef = 81AB412B1C27D66F00151156 /* dragon.obj */; settings = {ASSET_TAGS = (); }; };
		81AB41601C27D66F00151156 /* copyright.txt in Resources */ = {isa = PBXBuildFile; fileRef = 81AB412D1C27D66F00151156 /* copyright.txt */; settings = {ASSET_TAGS = (); }; };
		81AB41611C27D66F00151156 /* lost_empire-Alpha.png in Resources */ = {isa = PBXBuildFile; fileRef = 81AB412E1C27D66F00151156 /* lost_empire-Alpha.png */; settings = {ASSET_TAGS = (); }; };
		81AB41621C27D66F00151156 /* lost_empire-RGB.png in Resources */ = {isa = PBXBuildFile; fileRef = 81AB412F1C27D66F00151156 /* lost_empire-RGB.png */; settings = {ASSET_TAGS = (); }; };
		81AB41631C27D66F00151156 /* lost_empire-RGBA.png in Resources */ = {isa = PBXBuildFile; fileRef = 81AB41301C27D66F00151156 /* lost_empire-RGBA.png */; settings = {ASSET_TAGS = (); }; };
		81AB41641C27D66F00151156 /* lost_empire.jpg in Resources */ = {isa = PBXBuildFile; fileRef = 81AB41311C27D66F00151156 /* lost_empire.jpg */; settings = {ASSET_TAGS = (); }; };
		81AB41651C27D66F00151156 /* lost_empire.mtl in Resources */ = {isa = PBXBuildFile; fileRef = 81AB41321C27D66F00151156 /* lost_empire.mtl */; settings = {ASSET_TAGS = (); }; };
		81AB41661C27D66F00151156 /* lost_empire.obj in Resources */ = {isa = PBXBuildFile; fileRef = 81AB41331C27D66F00151156 /* lost_empire.obj */; settings = {ASSET_TAGS = (); }; };
		81AB41671C27D66F00151156 /* copyright.txt in Resources */ = {isa = PBXBuildFile; fileRef = 81AB41351C27D66F00151156 /* copyright.txt */; settings = {ASSET_TAGS = (); }; };
		81AB41681C27D66F00151156 /* kamen-bump.png in Resources */ = {isa = PBXBuildFile; fileRef = 81AB41361C27D66F00151156 /* kamen-bump.png */; settings = {ASSET_TAGS = (); }; };
		81AB41691C27D66F00151156 /* KAMEN-stup.png in Resources */ = {isa = PBXBuildFile; fileRef = 81AB41371C27D66F00151156 /* KAMEN-stup.png */; settings = {ASSET_TAGS = (); }; };
		81AB416A1C27D66F00151156 /* kamen.png in Resources */ = {isa = PBXBuildFile; fileRef = 81AB41381C27D66F00151156 /* kamen.png */; settings = {ASSET_TAGS = (); }; };
		81AB416B1C27D66F00151156 /* mramor6x6-bump.png in Resources */ = {isa = PBXBuildFile; fileRef = 81AB41391C27D66F00151156 /* mramor6x6-bump.png */; settings = {ASSET_TAGS = (); }; };
		81AB416C1C27D66F00151156 /* mramor6x6.png in Resources */ = {isa = PBXBuildFile; fileRef = 81AB413A1C27D66F00151156 /* mramor6x6.png */; settings = {ASSET_TAGS = (); }; };
		81AB416D1C27D66F00151156 /* sibenik.max in Resources */ = {isa = PBXBuildFile; fileRef = 81AB413B1C27D66F00151156 /* sibenik.max */; settings = {ASSET_TAGS = (); }; };
		81AB416E1C27D66F00151156 /* sibenik.mtl in Resources */ = {isa = PBXBuildFile; fileRef = 81AB413C1C27D66F00151156 /* sibenik.mtl */; settings = {ASSET_TAGS = (); }; };
		81AB416F1C27D66F00151156 /* sibenik.obj in Resources */ = {isa = PBXBuildFile; fileRef = 81AB413D1C27D66F00151156 /* sibenik.obj */; settings = {ASSET_TAGS = (); }; };
		81AB41701C27D66F00151156 /* copyright.txt in Resources */ = {isa = PBXBuildFile; fileRef = 81AB413F1C27D66F00151156 /* copyright.txt */; settings = {ASSET_TAGS = (); }; };
		81AB41711C27D66F00151156 /* default.mtl in Resources */ = {isa = PBXBuildFile; fileRef = 81AB41401C27D66F00151156 /* default.mtl */; settings = {ASSET_TAGS = (); }; };
		81AB41721C27D66F00151156 /* default.png in Resources */ = {isa = PBXBuildFile; fileRef = 81AB41411C27D66F00151156 /* default.png */; settings = {ASSET_TAGS = (); }; };
		81AB41731C27D66F00151156 /* teapot.max in Resources */ = {isa = PBXBuildFile; fileRef = 81AB41421C27D66F00151156 /* teapot.max */; settings = {ASSET_TAGS = (); }; };
		81AB41741C27D66F00151156 /* teapot.obj in Resources */ = {isa = PBXBuildFile; fileRef = 81AB41431C27D66F00151156 /* teapot.obj */; settings = {ASSET_TAGS = (); }; };
		81AB41761C2890E900151156 /* diffuse_1light.fs in Resources */ = {isa = PBXBuildFile; fileRef = 81AB41751C2890E900151156 /* diffuse_1light.fs */; settings = {ASSET_TAGS = (); }; };
		81AB41781C2890FC00151156 /* diffuse_1light.vs in Resources */ = {isa = PBXBuildFile; fileRef = 81AB41771C2890FC00151156 /* diffuse_1light.vs */; settings = {ASSET_TAGS = (); }; };
		81AB417B1C28B4E500151156 /* camera.cpp in Sources */ = {isa = PBXBuildFile; fileRef = 81AB41791C28B4E400151156 /* camera.cpp */; settings = {ASSET_TAGS = (); }; };
		81AB41841C2A967800151156 /* input.cpp in Sources */ = {isa = PBXBuildFile; fileRef = 81AB41821C2A967800151156 /* input.cpp */; settings = {ASSET_TAGS = (); }; };
		81AB41881C2ABE8200151156 /* input_test.cpp in Sources */ = {isa = PBXBuildFile; fileRef = 81AB41861C2ABE8200151156 /* input_test.cpp */; settings = {ASSET_TAGS = (); }; };
		81AB41971C2B4AD400151156 /* main.cpp in Sources */ = {isa = PBXBuildFile; fileRef = 81AB41951C2B4AD400151156 /* main.cpp */; settings = {ASSET_TAGS = (); }; };
		81AB419A1C2B916600151156 /* module_events.cpp in Sources */ = {isa = PBXBuildFile; fileRef = 81AB41981C2B916600151156 /* module_events.cpp */; settings = {ASSET_TAGS = (); }; };
		81AB419F1C2BEEF500151156 /* flycam.cpp in Sources */ = {isa = PBXBuildFile; fileRef = 81AB419D1C2BEEF500151156 /* flycam.cpp */; settings = {ASSET_TAGS = (); }; };
/* End PBXBuildFile section */

/* Begin PBXCopyFilesBuildPhase section */
		81176D9F1C21F5160025EB6C /* CopyFiles */ = {
			isa = PBXCopyFilesBuildPhase;
			buildActionMask = 2147483647;
			dstPath = /usr/share/man/man1/;
			dstSubfolderSpec = 0;
			files = (
			);
			runOnlyForDeploymentPostprocessing = 1;
		};
		81A01BF51C51CEE600E00897 /* CopyFiles */ = {
			isa = PBXCopyFilesBuildPhase;
			buildActionMask = 2147483647;
			dstPath = /usr/share/man/man1/;
			dstSubfolderSpec = 0;
			files = (
			);
			runOnlyForDeploymentPostprocessing = 1;
		};
		81A01C071C543BEF00E00897 /* CopyFiles */ = {
			isa = PBXCopyFilesBuildPhase;
			buildActionMask = 2147483647;
			dstPath = /usr/share/man/man1/;
			dstSubfolderSpec = 0;
			files = (
			);
			runOnlyForDeploymentPostprocessing = 1;
		};
		81AB418B1C2B4A8F00151156 /* CopyFiles */ = {
			isa = PBXCopyFilesBuildPhase;
			buildActionMask = 2147483647;
			dstPath = /usr/share/man/man1/;
			dstSubfolderSpec = 0;
			files = (
			);
			runOnlyForDeploymentPostprocessing = 1;
		};
/* End PBXCopyFilesBuildPhase section */

/* Begin PBXFileReference section */
		81043F871C30876A00CEB09C /* instanced_array.fs */ = {isa = PBXFileReference; fileEncoding = 4; lastKnownFileType = sourcecode.glsl; name = instanced_array.fs; path = shaders/modules/triangles/instanced_array.fs; sourceTree = SOURCE_ROOT; };
		81043F891C30877900CEB09C /* instanced_array.vs */ = {isa = PBXFileReference; fileEncoding = 4; lastKnownFileType = sourcecode.glsl; name = instanced_array.vs; path = shaders/modules/triangles/instanced_array.vs; sourceTree = SOURCE_ROOT; };
		81176D841C1FC90D0025EB6C /* basic_shader.fs */ = {isa = PBXFileReference; fileEncoding = 4; lastKnownFileType = sourcecode.glsl; name = basic_shader.fs; path = shaders/modules/triangles/basic_shader.fs; sourceTree = SOURCE_ROOT; };
		81176D861C1FC9230025EB6C /* basic_shader.vs */ = {isa = PBXFileReference; fileEncoding = 4; lastKnownFileType = sourcecode.glsl; name = basic_shader.vs; path = shaders/modules/triangles/basic_shader.vs; sourceTree = SOURCE_ROOT; };
		81176D881C1FC9640025EB6C /* gl_shaders.cpp */ = {isa = PBXFileReference; fileEncoding = 4; lastKnownFileType = sourcecode.cpp.cpp; name = gl_shaders.cpp; path = src/common/gl/gl_shaders.cpp; sourceTree = SOURCE_ROOT; };
		81176D891C1FC9640025EB6C /* gl_shaders.hpp */ = {isa = PBXFileReference; fileEncoding = 4; lastKnownFileType = sourcecode.cpp.h; name = gl_shaders.hpp; path = src/common/gl/gl_shaders.hpp; sourceTree = SOURCE_ROOT; };
		81176D8E1C1FCBEF0025EB6C /* resources.cpp */ = {isa = PBXFileReference; fileEncoding = 4; lastKnownFileType = sourcecode.cpp.cpp; name = resources.cpp; path = src/common/resources.cpp; sourceTree = SOURCE_ROOT; };
		81176D8F1C1FCBEF0025EB6C /* resources.hpp */ = {isa = PBXFileReference; fileEncoding = 4; lastKnownFileType = sourcecode.cpp.h; name = resources.hpp; path = src/common/resources.hpp; sourceTree = SOURCE_ROOT; };
		81176D911C1FE43D0025EB6C /* libboost_filesystem.a */ = {isa = PBXFileReference; lastKnownFileType = archive.ar; name = libboost_filesystem.a; path = ../../../../usr/local/Cellar/boost/1.58.0/lib/libboost_filesystem.a; sourceTree = "<group>"; };
		81176D931C1FE4B80025EB6C /* libboost_filesystem.dylib */ = {isa = PBXFileReference; lastKnownFileType = "compiled.mach-o.dylib"; name = libboost_filesystem.dylib; path = ../../../../usr/local/Cellar/boost/1.58.0/lib/libboost_filesystem.dylib; sourceTree = "<group>"; };
		81176D941C1FE4B80025EB6C /* libboost_iostreams.a */ = {isa = PBXFileReference; lastKnownFileType = archive.ar; name = libboost_iostreams.a; path = ../../../../usr/local/Cellar/boost/1.58.0/lib/libboost_iostreams.a; sourceTree = "<group>"; };
		81176D951C1FE4B80025EB6C /* libboost_iostreams.dylib */ = {isa = PBXFileReference; lastKnownFileType = "compiled.mach-o.dylib"; name = libboost_iostreams.dylib; path = ../../../../usr/local/Cellar/boost/1.58.0/lib/libboost_iostreams.dylib; sourceTree = "<group>"; };
		81176D961C1FE4B80025EB6C /* libboost_system.a */ = {isa = PBXFileReference; lastKnownFileType = archive.ar; name = libboost_system.a; path = ../../../../usr/local/Cellar/boost/1.58.0/lib/libboost_system.a; sourceTree = "<group>"; };
		81176D971C1FE4B80025EB6C /* libboost_system.dylib */ = {isa = PBXFileReference; lastKnownFileType = "compiled.mach-o.dylib"; name = libboost_system.dylib; path = ../../../../usr/local/Cellar/boost/1.58.0/lib/libboost_system.dylib; sourceTree = "<group>"; };
		81176DA11C21F5160025EB6C /* ThreadingTest */ = {isa = PBXFileReference; explicitFileType = "compiled.mach-o.executable"; includeInIndex = 0; path = ThreadingTest; sourceTree = BUILT_PRODUCTS_DIR; };
		81176DA81C221BED0025EB6C /* gl_error.hpp */ = {isa = PBXFileReference; lastKnownFileType = sourcecode.cpp.h; name = gl_error.hpp; path = src/common/gl/gl_error.hpp; sourceTree = SOURCE_ROOT; };
		81176DA91C2220880025EB6C /* gl_traits.hpp */ = {isa = PBXFileReference; lastKnownFileType = sourcecode.cpp.h; name = gl_traits.hpp; path = src/common/gl/gl_traits.hpp; sourceTree = SOURCE_ROOT; };
		81176DAA1C22325E0025EB6C /* gl_wrapper.cpp */ = {isa = PBXFileReference; fileEncoding = 4; lastKnownFileType = sourcecode.cpp.cpp; name = gl_wrapper.cpp; path = src/common/gl/gl_wrapper.cpp; sourceTree = SOURCE_ROOT; };
		81176DAB1C22325E0025EB6C /* gl_wrapper.hpp */ = {isa = PBXFileReference; fileEncoding = 4; lastKnownFileType = sourcecode.cpp.h; name = gl_wrapper.hpp; path = src/common/gl/gl_wrapper.hpp; sourceTree = SOURCE_ROOT; };
		81176DAE1C229E3D0025EB6C /* ubo_test.cpp */ = {isa = PBXFileReference; fileEncoding = 4; lastKnownFileType = sourcecode.cpp.cpp; name = ubo_test.cpp; path = src/modules/ubo_test/ubo_test.cpp; sourceTree = SOURCE_ROOT; };
		81176DAF1C229E3D0025EB6C /* ubo_test.hpp */ = {isa = PBXFileReference; fileEncoding = 4; lastKnownFileType = sourcecode.cpp.h; name = ubo_test.hpp; path = src/modules/ubo_test/ubo_test.hpp; sourceTree = SOURCE_ROOT; };
		81176DD11C24C6ED0025EB6C /* tiny_obj_loader.h */ = {isa = PBXFileReference; fileEncoding = 4; lastKnownFileType = sourcecode.c.h; path = tiny_obj_loader.h; sourceTree = "<group>"; };
		81176DEA1C24D5580025EB6C /* README.md */ = {isa = PBXFileReference; fileEncoding = 4; lastKnownFileType = net.daringfireball.markdown; name = README.md; path = stb/README.md; sourceTree = "<group>"; };
		81176DEB1C24D5580025EB6C /* stb_c_lexer.h */ = {isa = PBXFileReference; fileEncoding = 4; lastKnownFileType = sourcecode.c.h; name = stb_c_lexer.h; path = stb/stb_c_lexer.h; sourceTree = "<group>"; };
		81176DEC1C24D5580025EB6C /* stb_divide.h */ = {isa = PBXFileReference; fileEncoding = 4; lastKnownFileType = sourcecode.c.h; name = stb_divide.h; path = stb/stb_divide.h; sourceTree = "<group>"; };
		81176DED1C24D5580025EB6C /* stb_dxt.h */ = {isa = PBXFileReference; fileEncoding = 4; lastKnownFileType = sourcecode.c.h; name = stb_dxt.h; path = stb/stb_dxt.h; sourceTree = "<group>"; };
		81176DEE1C24D5580025EB6C /* stb_easy_font.h */ = {isa = PBXFileReference; fileEncoding = 4; lastKnownFileType = sourcecode.c.h; name = stb_easy_font.h; path = stb/stb_easy_font.h; sourceTree = "<group>"; };
		81176DEF1C24D5580025EB6C /* stb_herringbone_wang_tile.h */ = {isa = PBXFileReference; fileEncoding = 4; lastKnownFileType = sourcecode.c.h; name = stb_herringbone_wang_tile.h; path = stb/stb_herringbone_wang_tile.h; sourceTree = "<group>"; };
		81176DF01C24D5580025EB6C /* stb_image_resize.h */ = {isa = PBXFileReference; fileEncoding = 4; lastKnownFileType = sourcecode.c.h; name = stb_image_resize.h; path = stb/stb_image_resize.h; sourceTree = "<group>"; };
		81176DF11C24D5580025EB6C /* stb_image_write.h */ = {isa = PBXFileReference; fileEncoding = 4; lastKnownFileType = sourcecode.c.h; name = stb_image_write.h; path = stb/stb_image_write.h; sourceTree = "<group>"; };
		81176DF21C24D5580025EB6C /* stb_image.h */ = {isa = PBXFileReference; fileEncoding = 4; lastKnownFileType = sourcecode.c.h; name = stb_image.h; path = stb/stb_image.h; sourceTree = "<group>"; };
		81176DF31C24D5580025EB6C /* stb_leakcheck.h */ = {isa = PBXFileReference; fileEncoding = 4; lastKnownFileType = sourcecode.c.h; name = stb_leakcheck.h; path = stb/stb_leakcheck.h; sourceTree = "<group>"; };
		81176DF41C24D5580025EB6C /* stb_perlin.h */ = {isa = PBXFileReference; fileEncoding = 4; lastKnownFileType = sourcecode.c.h; name = stb_perlin.h; path = stb/stb_perlin.h; sourceTree = "<group>"; };
		81176DF51C24D5580025EB6C /* stb_rect_pack.h */ = {isa = PBXFileReference; fileEncoding = 4; lastKnownFileType = sourcecode.c.h; name = stb_rect_pack.h; path = stb/stb_rect_pack.h; sourceTree = "<group>"; };
		81176DF61C24D5580025EB6C /* stb_textedit.h */ = {isa = PBXFileReference; fileEncoding = 4; lastKnownFileType = sourcecode.c.h; name = stb_textedit.h; path = stb/stb_textedit.h; sourceTree = "<group>"; };
		81176DF71C24D5580025EB6C /* stb_tilemap_editor.h */ = {isa = PBXFileReference; fileEncoding = 4; lastKnownFileType = sourcecode.c.h; name = stb_tilemap_editor.h; path = stb/stb_tilemap_editor.h; sourceTree = "<group>"; };
		81176DF81C24D5580025EB6C /* stb_truetype.h */ = {isa = PBXFileReference; fileEncoding = 4; lastKnownFileType = sourcecode.c.h; name = stb_truetype.h; path = stb/stb_truetype.h; sourceTree = "<group>"; };
		81176DF91C24D5580025EB6C /* stb_vorbis.c */ = {isa = PBXFileReference; fileEncoding = 4; lastKnownFileType = sourcecode.c.c; name = stb_vorbis.c; path = stb/stb_vorbis.c; sourceTree = "<group>"; };
		81176DFA1C24D5580025EB6C /* stb_voxel_render.h */ = {isa = PBXFileReference; fileEncoding = 4; lastKnownFileType = sourcecode.c.h; name = stb_voxel_render.h; path = stb/stb_voxel_render.h; sourceTree = "<group>"; };
		81176DFB1C24D5580025EB6C /* stb.h */ = {isa = PBXFileReference; fileEncoding = 4; lastKnownFileType = sourcecode.c.h; name = stb.h; path = stb/stb.h; sourceTree = "<group>"; };
		81176DFC1C24D5580025EB6C /* stretchy_buffer.h */ = {isa = PBXFileReference; fileEncoding = 4; lastKnownFileType = sourcecode.c.h; name = stretchy_buffer.h; path = stb/stretchy_buffer.h; sourceTree = "<group>"; };
		811D7C931C4372AD00668735 /* gamepad_text_input.cpp */ = {isa = PBXFileReference; fileEncoding = 4; lastKnownFileType = sourcecode.cpp.cpp; name = gamepad_text_input.cpp; path = src/modules/gamepad_input/gamepad_text_input.cpp; sourceTree = SOURCE_ROOT; };
		811D7C941C4372AD00668735 /* gamepad_text_input.hpp */ = {isa = PBXFileReference; fileEncoding = 4; lastKnownFileType = sourcecode.cpp.h; name = gamepad_text_input.hpp; path = src/modules/gamepad_input/gamepad_text_input.hpp; sourceTree = SOURCE_ROOT; };
		815D61DF1C1F652A005DB2A8 /* GLSandbox.app */ = {isa = PBXFileReference; explicitFileType = wrapper.application; includeInIndex = 0; path = GLSandbox.app; sourceTree = BUILT_PRODUCTS_DIR; };
		815D61ED1C1F652B005DB2A8 /* Info.plist */ = {isa = PBXFileReference; lastKnownFileType = text.plist.xml; name = Info.plist; path = GLSandbox/Info.plist; sourceTree = "<group>"; };
		815D61F31C1F6574005DB2A8 /* main.cpp */ = {isa = PBXFileReference; fileEncoding = 4; lastKnownFileType = sourcecode.cpp.cpp; name = main.cpp; path = src/main.cpp; sourceTree = SOURCE_ROOT; };
		815D61F51C1F65B0005DB2A8 /* OpenGL.framework */ = {isa = PBXFileReference; lastKnownFileType = wrapper.framework; name = OpenGL.framework; path = System/Library/Frameworks/OpenGL.framework; sourceTree = SDKROOT; };
		815D61F71C1F65B9005DB2A8 /* CoreVideo.framework */ = {isa = PBXFileReference; lastKnownFileType = wrapper.framework; name = CoreVideo.framework; path = System/Library/Frameworks/CoreVideo.framework; sourceTree = SDKROOT; };
		815D61F91C1F65BE005DB2A8 /* IOKit.framework */ = {isa = PBXFileReference; lastKnownFileType = wrapper.framework; name = IOKit.framework; path = System/Library/Frameworks/IOKit.framework; sourceTree = SDKROOT; };
		815D61FB1C1F65C2005DB2A8 /* Cocoa.framework */ = {isa = PBXFileReference; lastKnownFileType = wrapper.framework; name = Cocoa.framework; path = System/Library/Frameworks/Cocoa.framework; sourceTree = SDKROOT; };
		815D61FD1C1F65E7005DB2A8 /* libGLEW.1.12.0.dylib */ = {isa = PBXFileReference; lastKnownFileType = "compiled.mach-o.dylib"; name = libGLEW.1.12.0.dylib; path = ../../../../usr/local/Cellar/glew/1.12.0/lib/libGLEW.1.12.0.dylib; sourceTree = "<group>"; };
		815D61FE1C1F65E7005DB2A8 /* libglfw3.a */ = {isa = PBXFileReference; lastKnownFileType = archive.ar; name = libglfw3.a; path = ../../../../usr/local/lib/libglfw3.a; sourceTree = "<group>"; };
		815D62071C1F670F005DB2A8 /* app.cpp */ = {isa = PBXFileReference; fileEncoding = 4; lastKnownFileType = sourcecode.cpp.cpp; name = app.cpp; path = src/common/app.cpp; sourceTree = SOURCE_ROOT; };
		815D62081C1F670F005DB2A8 /* app.hpp */ = {isa = PBXFileReference; fileEncoding = 4; lastKnownFileType = sourcecode.cpp.h; name = app.hpp; path = src/common/app.hpp; sourceTree = SOURCE_ROOT; };
		815D620A1C1F7CED005DB2A8 /* module.hpp */ = {isa = PBXFileReference; lastKnownFileType = sourcecode.cpp.h; name = module.hpp; path = src/modules/module.hpp; sourceTree = SOURCE_ROOT; };
		815D620C1C1F7D9F005DB2A8 /* triangles.cpp */ = {isa = PBXFileReference; fileEncoding = 4; lastKnownFileType = sourcecode.cpp.cpp; name = triangles.cpp; path = src/modules/triangles/triangles.cpp; sourceTree = SOURCE_ROOT; };
		815D620D1C1F7D9F005DB2A8 /* triangles.hpp */ = {isa = PBXFileReference; fileEncoding = 4; lastKnownFileType = sourcecode.cpp.h; name = triangles.hpp; path = src/modules/triangles/triangles.hpp; sourceTree = SOURCE_ROOT; };
		815D620F1C1F7E42005DB2A8 /* modules.cpp */ = {isa = PBXFileReference; fileEncoding = 4; lastKnownFileType = sourcecode.cpp.cpp; name = modules.cpp; path = src/modules/modules.cpp; sourceTree = SOURCE_ROOT; };
		815D62101C1F7E42005DB2A8 /* modules.hpp */ = {isa = PBXFileReference; fileEncoding = 4; lastKnownFileType = sourcecode.cpp.h; name = modules.hpp; path = src/modules/modules.hpp; sourceTree = SOURCE_ROOT; };
		81A01BCC1C4B026E00E00897 /* libGLEW.1.13.0.dylib */ = {isa = PBXFileReference; lastKnownFileType = "compiled.mach-o.dylib"; name = libGLEW.1.13.0.dylib; path = ../../../../usr/local/Cellar/glew/1.13.0/lib/libGLEW.1.13.0.dylib; sourceTree = "<group>"; };
		81A01BCE1C4B02BF00E00897 /* libmozjs-.dylib */ = {isa = PBXFileReference; lastKnownFileType = "compiled.mach-o.dylib"; name = "libmozjs-.dylib"; path = "../../../../usr/local/lib/libmozjs-.dylib"; sourceTree = "<group>"; };
		81A01BD11C4B02FF00E00897 /* JSInstance.cpp */ = {isa = PBXFileReference; fileEncoding = 4; lastKnownFileType = sourcecode.cpp.cpp; name = JSInstance.cpp; path = src/common/js/JSInstance.cpp; sourceTree = SOURCE_ROOT; };
		81A01BD21C4B02FF00E00897 /* JSInstance.hpp */ = {isa = PBXFileReference; fileEncoding = 4; lastKnownFileType = sourcecode.cpp.h; name = JSInstance.hpp; path = src/common/js/JSInstance.hpp; sourceTree = SOURCE_ROOT; };
		81A01BD41C4B190100E00897 /* thread_worker.cpp */ = {isa = PBXFileReference; fileEncoding = 4; lastKnownFileType = sourcecode.cpp.cpp; name = thread_worker.cpp; path = src/common/thread_worker.cpp; sourceTree = SOURCE_ROOT; };
		81A01BD51C4B190100E00897 /* thread_worker.hpp */ = {isa = PBXFileReference; fileEncoding = 4; lastKnownFileType = sourcecode.cpp.h; name = thread_worker.hpp; path = src/common/thread_worker.hpp; sourceTree = SOURCE_ROOT; };
		81A01BD71C4B2A9E00E00897 /* js_thread_instance.cpp */ = {isa = PBXFileReference; fileEncoding = 4; lastKnownFileType = sourcecode.cpp.cpp; name = js_thread_instance.cpp; path = src/common/js/js_thread_instance.cpp; sourceTree = SOURCE_ROOT; };
		81A01BD81C4B2A9E00E00897 /* js_thread_instance.hpp */ = {isa = PBXFileReference; fileEncoding = 4; lastKnownFileType = sourcecode.cpp.h; name = js_thread_instance.hpp; path = src/common/js/js_thread_instance.hpp; sourceTree = SOURCE_ROOT; };
		81A01BDB1C4B993D00E00897 /* jstest.cpp */ = {isa = PBXFileReference; fileEncoding = 4; lastKnownFileType = sourcecode.cpp.cpp; name = jstest.cpp; path = src/modules/js/jstest.cpp; sourceTree = SOURCE_ROOT; };
		81A01BDC1C4B993D00E00897 /* jstest.hpp */ = {isa = PBXFileReference; fileEncoding = 4; lastKnownFileType = sourcecode.cpp.h; name = jstest.hpp; path = src/modules/js/jstest.hpp; sourceTree = SOURCE_ROOT; };
		81A01BDF1C4F34B300E00897 /* script_api.cpp */ = {isa = PBXFileReference; fileEncoding = 4; lastKnownFileType = sourcecode.cpp.cpp; name = script_api.cpp; path = src/script/script_api.cpp; sourceTree = SOURCE_ROOT; };
		81A01BE01C4F34B300E00897 /* script_api.hpp */ = {isa = PBXFileReference; fileEncoding = 4; lastKnownFileType = sourcecode.cpp.h; name = script_api.hpp; path = src/script/script_api.hpp; sourceTree = SOURCE_ROOT; };
		81A01BE51C4F353000E00897 /* lua_instance.cpp */ = {isa = PBXFileReference; fileEncoding = 4; lastKnownFileType = sourcecode.cpp.cpp; name = lua_instance.cpp; path = src/common/script/lua_instance.cpp; sourceTree = SOURCE_ROOT; };
		81A01BE61C4F353000E00897 /* lua_instance.hpp */ = {isa = PBXFileReference; fileEncoding = 4; lastKnownFileType = sourcecode.cpp.h; name = lua_instance.hpp; path = src/common/script/lua_instance.hpp; sourceTree = SOURCE_ROOT; };
		81A01BE81C4F359F00E00897 /* libluajit-5.1.2.0.4.dylib */ = {isa = PBXFileReference; lastKnownFileType = "compiled.mach-o.dylib"; name = "libluajit-5.1.2.0.4.dylib"; path = "../../../../usr/local/lib/libluajit-5.1.2.0.4.dylib"; sourceTree = "<group>"; };
		81A01BEA1C5096B000E00897 /* liblua.5.2.4.dylib */ = {isa = PBXFileReference; lastKnownFileType = "compiled.mach-o.dylib"; name = liblua.5.2.4.dylib; path = ../../../../usr/local/Cellar/lua/5.2.4_2/lib/liblua.5.2.4.dylib; sourceTree = "<group>"; };
		81A01BEC1C51C88100E00897 /* fswatcher.cpp */ = {isa = PBXFileReference; fileEncoding = 4; lastKnownFileType = sourcecode.cpp.cpp; name = fswatcher.cpp; path = src/common/fswatcher/fswatcher.cpp; sourceTree = SOURCE_ROOT; };
		81A01BED1C51C88100E00897 /* fswatcher.hpp */ = {isa = PBXFileReference; fileEncoding = 4; lastKnownFileType = sourcecode.cpp.h; name = fswatcher.hpp; path = src/common/fswatcher/fswatcher.hpp; sourceTree = SOURCE_ROOT; };
		81A01BF01C51C8B300E00897 /* fswatcher_osx.cpp */ = {isa = PBXFileReference; fileEncoding = 4; lastKnownFileType = sourcecode.cpp.cpp; name = fswatcher_osx.cpp; path = src/common/fswatcher/fswatcher_osx.cpp; sourceTree = SOURCE_ROOT; };
		81A01BF11C51C8B300E00897 /* fswatcher_osx.hpp */ = {isa = PBXFileReference; fileEncoding = 4; lastKnownFileType = sourcecode.cpp.h; name = fswatcher_osx.hpp; path = src/common/fswatcher/fswatcher_osx.hpp; sourceTree = SOURCE_ROOT; };
		81A01BF71C51CEE600E00897 /* fsevents-test */ = {isa = PBXFileReference; explicitFileType = "compiled.mach-o.executable"; includeInIndex = 0; path = "fsevents-test"; sourceTree = BUILT_PRODUCTS_DIR; };
		81A01BF91C51CEE600E00897 /* main.cpp */ = {isa = PBXFileReference; lastKnownFileType = sourcecode.cpp.cpp; path = main.cpp; sourceTree = "<group>"; };
		81A01BFE1C52271600E00897 /* CoreServices.framework */ = {isa = PBXFileReference; lastKnownFileType = wrapper.framework; name = CoreServices.framework; path = System/Library/Frameworks/CoreServices.framework; sourceTree = SDKROOT; };
		81A01C001C522A4D00E00897 /* CoreFoundation.framework */ = {isa = PBXFileReference; lastKnownFileType = wrapper.framework; name = CoreFoundation.framework; path = System/Library/Frameworks/CoreFoundation.framework; sourceTree = SDKROOT; };
		81A01C091C543BEF00E00897 /* resourcelayer-test */ = {isa = PBXFileReference; explicitFileType = "compiled.mach-o.executable"; includeInIndex = 0; path = "resourcelayer-test"; sourceTree = BUILT_PRODUCTS_DIR; };
		81A01C0B1C543BEF00E00897 /* main.cpp */ = {isa = PBXFileReference; lastKnownFileType = sourcecode.cpp.cpp; path = main.cpp; sourceTree = "<group>"; };
		81A01C111C543CA100E00897 /* resource_layer.cpp */ = {isa = PBXFileReference; fileEncoding = 4; lastKnownFileType = sourcecode.cpp.cpp; name = resource_layer.cpp; path = src/common/resourcelayer/resource_layer.cpp; sourceTree = SOURCE_ROOT; };
		81A01C121C543CA100E00897 /* resource_layer.hpp */ = {isa = PBXFileReference; fileEncoding = 4; lastKnownFileType = sourcecode.cpp.h; name = resource_layer.hpp; path = src/common/resourcelayer/resource_layer.hpp; sourceTree = SOURCE_ROOT; };
		81AB41011C260CAA00151156 /* ubo_test.fs */ = {isa = PBXFileReference; fileEncoding = 4; lastKnownFileType = sourcecode.glsl; name = ubo_test.fs; path = shaders/modules/ubo_test/ubo_test.fs; sourceTree = SOURCE_ROOT; };
		81AB41031C260CC800151156 /* ubo_test.vs */ = {isa = PBXFileReference; fileEncoding = 4; lastKnownFileType = sourcecode.glsl; name = ubo_test.vs; path = shaders/modules/ubo_test/ubo_test.vs; sourceTree = SOURCE_ROOT; };
		81AB41091C27CF1A00151156 /* obj_viewer.cpp */ = {isa = PBXFileReference; fileEncoding = 4; lastKnownFileType = sourcecode.cpp.cpp; name = obj_viewer.cpp; path = src/modules/obj_viewer/obj_viewer.cpp; sourceTree = SOURCE_ROOT; };
		81AB410A1C27CF1A00151156 /* obj_viewer.hpp */ = {isa = PBXFileReference; fileEncoding = 4; lastKnownFileType = sourcecode.cpp.h; name = obj_viewer.hpp; path = src/modules/obj_viewer/obj_viewer.hpp; sourceTree = SOURCE_ROOT; };
		81AB410E1C27D66F00151156 /* cube.obj */ = {isa = PBXFileReference; fileEncoding = 4; lastKnownFileType = text; path = cube.obj; sourceTree = "<group>"; };
		81AB410F1C27D66F00151156 /* default.mtl */ = {isa = PBXFileReference; fileEncoding = 4; lastKnownFileType = text; path = default.mtl; sourceTree = "<group>"; };
		81AB41101C27D66F00151156 /* default.png */ = {isa = PBXFileReference; lastKnownFileType = image.png; path = default.png; sourceTree = "<group>"; };
		81AB41121C27D66F00151156 /* 00_skap.JPG */ = {isa = PBXFileReference; lastKnownFileType = image.jpeg; path = 00_skap.JPG; sourceTree = "<group>"; };
		81AB41131C27D66F00151156 /* 01_S_ba.JPG */ = {isa = PBXFileReference; lastKnownFileType = image.jpeg; path = 01_S_ba.JPG; sourceTree = "<group>"; };
		81AB41141C27D66F00151156 /* 01_S_kap-bump.jpg */ = {isa = PBXFileReference; lastKnownFileType = image.jpeg; path = "01_S_kap-bump.jpg"; sourceTree = "<group>"; };
		81AB41151C27D66F00151156 /* 01_S_kap.JPG */ = {isa = PBXFileReference; lastKnownFileType = image.jpeg; path = 01_S_kap.JPG; sourceTree = "<group>"; };
		81AB41161C27D66F00151156 /* 01_St_kp-bump.jpg */ = {isa = PBXFileReference; lastKnownFileType = image.jpeg; path = "01_St_kp-bump.jpg"; sourceTree = "<group>"; };
		81AB41171C27D66F00151156 /* 01_St_kp.JPG */ = {isa = PBXFileReference; lastKnownFileType = image.jpeg; path = 01_St_kp.JPG; sourceTree = "<group>"; };
		81AB41181C27D66F00151156 /* 01_STUB-bump.jpg */ = {isa = PBXFileReference; lastKnownFileType = image.jpeg; path = "01_STUB-bump.jpg"; sourceTree = "<group>"; };
		81AB41191C27D66F00151156 /* 01_STUB.JPG */ = {isa = PBXFileReference; lastKnownFileType = image.jpeg; path = 01_STUB.JPG; sourceTree = "<group>"; };
		81AB411A1C27D66F00151156 /* copyright.txt */ = {isa = PBXFileReference; fileEncoding = 4; lastKnownFileType = text; path = copyright.txt; sourceTree = "<group>"; };
		81AB411B1C27D66F00151156 /* KAMEN-bump.jpg */ = {isa = PBXFileReference; lastKnownFileType = image.jpeg; path = "KAMEN-bump.jpg"; sourceTree = "<group>"; };
		81AB411C1C27D66F00151156 /* KAMEN-stup.JPG */ = {isa = PBXFileReference; lastKnownFileType = image.jpeg; path = "KAMEN-stup.JPG"; sourceTree = "<group>"; };
		81AB411D1C27D66F00151156 /* KAMEN.JPG */ = {isa = PBXFileReference; lastKnownFileType = image.jpeg; path = KAMEN.JPG; sourceTree = "<group>"; };
		81AB411E1C27D66F00151156 /* prozor1.JPG */ = {isa = PBXFileReference; lastKnownFileType = image.jpeg; path = prozor1.JPG; sourceTree = "<group>"; };
		81AB411F1C27D66F00151156 /* reljef-bump.jpg */ = {isa = PBXFileReference; lastKnownFileType = image.jpeg; path = "reljef-bump.jpg"; sourceTree = "<group>"; };
		81AB41201C27D66F00151156 /* reljef.JPG */ = {isa = PBXFileReference; lastKnownFileType = image.jpeg; path = reljef.JPG; sourceTree = "<group>"; };
		81AB41211C27D66F00151156 /* sp_luk-bump.JPG */ = {isa = PBXFileReference; lastKnownFileType = image.jpeg; path = "sp_luk-bump.JPG"; sourceTree = "<group>"; };
		81AB41221C27D66F00151156 /* sp_luk.JPG */ = {isa = PBXFileReference; lastKnownFileType = image.jpeg; path = sp_luk.JPG; sourceTree = "<group>"; };
		81AB41231C27D66F00151156 /* sponza.max */ = {isa = PBXFileReference; lastKnownFileType = file; path = sponza.max; sourceTree = "<group>"; };
		81AB41241C27D66F00151156 /* sponza.mtl */ = {isa = PBXFileReference; fileEncoding = 4; lastKnownFileType = text; path = sponza.mtl; sourceTree = "<group>"; };
		81AB41251C27D66F00151156 /* sponza.obj */ = {isa = PBXFileReference; fileEncoding = 4; lastKnownFileType = text; path = sponza.obj; sourceTree = "<group>"; };
		81AB41261C27D66F00151156 /* vrata_ko.JPG */ = {isa = PBXFileReference; lastKnownFileType = image.jpeg; path = vrata_ko.JPG; sourceTree = "<group>"; };
		81AB41271C27D66F00151156 /* vrata_kr.JPG */ = {isa = PBXFileReference; lastKnownFileType = image.jpeg; path = vrata_kr.JPG; sourceTree = "<group>"; };
		81AB41281C27D66F00151156 /* x01_st-bump.jpg */ = {isa = PBXFileReference; lastKnownFileType = image.jpeg; path = "x01_st-bump.jpg"; sourceTree = "<group>"; };
		81AB41291C27D66F00151156 /* x01_st.JPG */ = {isa = PBXFileReference; lastKnownFileType = image.jpeg; path = x01_st.JPG; sourceTree = "<group>"; };
		81AB412B1C27D66F00151156 /* dragon.obj */ = {isa = PBXFileReference; fileEncoding = 4; lastKnownFileType = text; path = dragon.obj; sourceTree = "<group>"; };
		81AB412D1C27D66F00151156 /* copyright.txt */ = {isa = PBXFileReference; fileEncoding = 4; lastKnownFileType = text; path = copyright.txt; sourceTree = "<group>"; };
		81AB412E1C27D66F00151156 /* lost_empire-Alpha.png */ = {isa = PBXFileReference; lastKnownFileType = image.png; path = "lost_empire-Alpha.png"; sourceTree = "<group>"; };
		81AB412F1C27D66F00151156 /* lost_empire-RGB.png */ = {isa = PBXFileReference; lastKnownFileType = image.png; path = "lost_empire-RGB.png"; sourceTree = "<group>"; };
		81AB41301C27D66F00151156 /* lost_empire-RGBA.png */ = {isa = PBXFileReference; lastKnownFileType = image.png; path = "lost_empire-RGBA.png"; sourceTree = "<group>"; };
		81AB41311C27D66F00151156 /* lost_empire.jpg */ = {isa = PBXFileReference; lastKnownFileType = image.jpeg; path = lost_empire.jpg; sourceTree = "<group>"; };
		81AB41321C27D66F00151156 /* lost_empire.mtl */ = {isa = PBXFileReference; fileEncoding = 4; lastKnownFileType = text; path = lost_empire.mtl; sourceTree = "<group>"; };
		81AB41331C27D66F00151156 /* lost_empire.obj */ = {isa = PBXFileReference; fileEncoding = 4; lastKnownFileType = text; path = lost_empire.obj; sourceTree = "<group>"; };
		81AB41351C27D66F00151156 /* copyright.txt */ = {isa = PBXFileReference; fileEncoding = 4; lastKnownFileType = text; path = copyright.txt; sourceTree = "<group>"; };
		81AB41361C27D66F00151156 /* kamen-bump.png */ = {isa = PBXFileReference; lastKnownFileType = image.png; path = "kamen-bump.png"; sourceTree = "<group>"; };
		81AB41371C27D66F00151156 /* KAMEN-stup.png */ = {isa = PBXFileReference; lastKnownFileType = image.png; path = "KAMEN-stup.png"; sourceTree = "<group>"; };
		81AB41381C27D66F00151156 /* kamen.png */ = {isa = PBXFileReference; lastKnownFileType = image.png; path = kamen.png; sourceTree = "<group>"; };
		81AB41391C27D66F00151156 /* mramor6x6-bump.png */ = {isa = PBXFileReference; lastKnownFileType = image.png; path = "mramor6x6-bump.png"; sourceTree = "<group>"; };
		81AB413A1C27D66F00151156 /* mramor6x6.png */ = {isa = PBXFileReference; lastKnownFileType = image.png; path = mramor6x6.png; sourceTree = "<group>"; };
		81AB413B1C27D66F00151156 /* sibenik.max */ = {isa = PBXFileReference; lastKnownFileType = file; path = sibenik.max; sourceTree = "<group>"; };
		81AB413C1C27D66F00151156 /* sibenik.mtl */ = {isa = PBXFileReference; fileEncoding = 4; lastKnownFileType = text; path = sibenik.mtl; sourceTree = "<group>"; };
		81AB413D1C27D66F00151156 /* sibenik.obj */ = {isa = PBXFileReference; fileEncoding = 4; lastKnownFileType = text; path = sibenik.obj; sourceTree = "<group>"; };
		81AB413F1C27D66F00151156 /* copyright.txt */ = {isa = PBXFileReference; fileEncoding = 4; lastKnownFileType = text; path = copyright.txt; sourceTree = "<group>"; };
		81AB41401C27D66F00151156 /* default.mtl */ = {isa = PBXFileReference; fileEncoding = 4; lastKnownFileType = text; path = default.mtl; sourceTree = "<group>"; };
		81AB41411C27D66F00151156 /* default.png */ = {isa = PBXFileReference; lastKnownFileType = image.png; path = default.png; sourceTree = "<group>"; };
		81AB41421C27D66F00151156 /* teapot.max */ = {isa = PBXFileReference; lastKnownFileType = file; path = teapot.max; sourceTree = "<group>"; };
		81AB41431C27D66F00151156 /* teapot.obj */ = {isa = PBXFileReference; fileEncoding = 4; lastKnownFileType = text; path = teapot.obj; sourceTree = "<group>"; };
		81AB41751C2890E900151156 /* diffuse_1light.fs */ = {isa = PBXFileReference; fileEncoding = 4; lastKnownFileType = sourcecode.glsl; name = diffuse_1light.fs; path = shaders/common/diffuse_1light.fs; sourceTree = SOURCE_ROOT; };
		81AB41771C2890FC00151156 /* diffuse_1light.vs */ = {isa = PBXFileReference; fileEncoding = 4; lastKnownFileType = sourcecode.glsl; name = diffuse_1light.vs; path = shaders/common/diffuse_1light.vs; sourceTree = SOURCE_ROOT; };
		81AB41791C28B4E400151156 /* camera.cpp */ = {isa = PBXFileReference; fileEncoding = 4; lastKnownFileType = sourcecode.cpp.cpp; name = camera.cpp; path = src/common/camera.cpp; sourceTree = SOURCE_ROOT; };
		81AB417A1C28B4E400151156 /* camera.hpp */ = {isa = PBXFileReference; fileEncoding = 4; lastKnownFileType = sourcecode.cpp.h; name = camera.hpp; path = src/common/camera.hpp; sourceTree = SOURCE_ROOT; };
		81AB41801C29093500151156 /* raii_signal.hpp */ = {isa = PBXFileReference; fileEncoding = 4; lastKnownFileType = sourcecode.cpp.h; name = raii_signal.hpp; path = ../src/common/raii_signal.hpp; sourceTree = "<group>"; };
		81AB41821C2A967800151156 /* input.cpp */ = {isa = PBXFileReference; fileEncoding = 4; lastKnownFileType = sourcecode.cpp.cpp; name = input.cpp; path = src/common/input.cpp; sourceTree = SOURCE_ROOT; };
		81AB41831C2A967800151156 /* input.hpp */ = {isa = PBXFileReference; fileEncoding = 4; lastKnownFileType = sourcecode.cpp.h; name = input.hpp; path = src/common/input.hpp; sourceTree = SOURCE_ROOT; };
		81AB41861C2ABE8200151156 /* input_test.cpp */ = {isa = PBXFileReference; fileEncoding = 4; lastKnownFileType = sourcecode.cpp.cpp; name = input_test.cpp; path = src/modules/input_test/input_test.cpp; sourceTree = SOURCE_ROOT; };
		81AB41871C2ABE8200151156 /* input_test.hpp */ = {isa = PBXFileReference; fileEncoding = 4; lastKnownFileType = sourcecode.cpp.h; name = input_test.hpp; path = src/modules/input_test/input_test.hpp; sourceTree = SOURCE_ROOT; };
		81AB418D1C2B4A8F00151156 /* raii-signals-test */ = {isa = PBXFileReference; explicitFileType = "compiled.mach-o.executable"; includeInIndex = 0; path = "raii-signals-test"; sourceTree = BUILT_PRODUCTS_DIR; };
		81AB41951C2B4AD400151156 /* main.cpp */ = {isa = PBXFileReference; fileEncoding = 4; lastKnownFileType = sourcecode.cpp.cpp; name = main.cpp; path = "tests/raii-signals-test/main.cpp"; sourceTree = SOURCE_ROOT; };
		81AB41981C2B916600151156 /* module_events.cpp */ = {isa = PBXFileReference; fileEncoding = 4; lastKnownFileType = sourcecode.cpp.cpp; name = module_events.cpp; path = src/common/module_events.cpp; sourceTree = SOURCE_ROOT; };
		81AB41991C2B916600151156 /* module_events.hpp */ = {isa = PBXFileReference; fileEncoding = 4; lastKnownFileType = sourcecode.cpp.h; name = module_events.hpp; path = src/common/module_events.hpp; sourceTree = SOURCE_ROOT; };
		81AB419D1C2BEEF500151156 /* flycam.cpp */ = {isa = PBXFileReference; fileEncoding = 4; lastKnownFileType = sourcecode.cpp.cpp; name = flycam.cpp; path = src/modules/camera/flycam.cpp; sourceTree = SOURCE_ROOT; };
		81AB419E1C2BEEF500151156 /* flycam.hpp */ = {isa = PBXFileReference; fileEncoding = 4; lastKnownFileType = sourcecode.cpp.h; name = flycam.hpp; path = src/modules/camera/flycam.hpp; sourceTree = SOURCE_ROOT; };
/* End PBXFileReference section */

/* Begin PBXFrameworksBuildPhase section */
		81176D9E1C21F5160025EB6C /* Frameworks */ = {
			isa = PBXFrameworksBuildPhase;
			buildActionMask = 2147483647;
			files = (
			);
			runOnlyForDeploymentPostprocessing = 0;
		};
		815D61DC1C1F652A005DB2A8 /* Frameworks */ = {
			isa = PBXFrameworksBuildPhase;
			buildActionMask = 2147483647;
			files = (
				81A01BEB1C5096B000E00897 /* liblua.5.2.4.dylib in Frameworks */,
				81A01BCF1C4B02BF00E00897 /* libmozjs-.dylib in Frameworks */,
				81A01BCD1C4B026E00E00897 /* libGLEW.1.13.0.dylib in Frameworks */,
				81176D981C1FE4B80025EB6C /* libboost_filesystem.dylib in Frameworks */,
				81176D991C1FE4B80025EB6C /* libboost_iostreams.a in Frameworks */,
				81176D9A1C1FE4B80025EB6C /* libboost_iostreams.dylib in Frameworks */,
				81176D9B1C1FE4B80025EB6C /* libboost_system.a in Frameworks */,
				81176D9C1C1FE4B80025EB6C /* libboost_system.dylib in Frameworks */,
				81176D921C1FE43D0025EB6C /* libboost_filesystem.a in Frameworks */,
				815D62001C1F65E7005DB2A8 /* libglfw3.a in Frameworks */,
				815D61FC1C1F65C2005DB2A8 /* Cocoa.framework in Frameworks */,
				815D61FA1C1F65BE005DB2A8 /* IOKit.framework in Frameworks */,
				815D61F81C1F65B9005DB2A8 /* CoreVideo.framework in Frameworks */,
				81A01C011C522A4D00E00897 /* CoreFoundation.framework in Frameworks */,
				81A01C021C522A6E00E00897 /* CoreServices.framework in Frameworks */,
				815D61F61C1F65B0005DB2A8 /* OpenGL.framework in Frameworks */,
			);
			runOnlyForDeploymentPostprocessing = 0;
		};
		81A01BF41C51CEE600E00897 /* Frameworks */ = {
			isa = PBXFrameworksBuildPhase;
			buildActionMask = 2147483647;
			files = (
				81A01C041C522A7F00E00897 /* CoreServices.framework in Frameworks */,
				81A01C031C522A7B00E00897 /* CoreFoundation.framework in Frameworks */,
			);
			runOnlyForDeploymentPostprocessing = 0;
		};
		81A01C061C543BEF00E00897 /* Frameworks */ = {
			isa = PBXFrameworksBuildPhase;
			buildActionMask = 2147483647;
			files = (
			);
			runOnlyForDeploymentPostprocessing = 0;
		};
		81AB418A1C2B4A8F00151156 /* Frameworks */ = {
			isa = PBXFrameworksBuildPhase;
			buildActionMask = 2147483647;
			files = (
			);
			runOnlyForDeploymentPostprocessing = 0;
		};
/* End PBXFrameworksBuildPhase section */

/* Begin PBXGroup section */
		81176D831C1FC8E20025EB6C /* triangles */ = {
			isa = PBXGroup;
			children = (
				81176D841C1FC90D0025EB6C /* basic_shader.fs */,
				81176D861C1FC9230025EB6C /* basic_shader.vs */,
				81043F871C30876A00CEB09C /* instanced_array.fs */,
				81043F891C30877900CEB09C /* instanced_array.vs */,
			);
			name = triangles;
			sourceTree = "<group>";
		};
		81176D8D1C1FC9850025EB6C /* gl */ = {
			isa = PBXGroup;
			children = (
				81176D881C1FC9640025EB6C /* gl_shaders.cpp */,
				81176D891C1FC9640025EB6C /* gl_shaders.hpp */,
				81176DAA1C22325E0025EB6C /* gl_wrapper.cpp */,
				81176DAB1C22325E0025EB6C /* gl_wrapper.hpp */,
				81176DA81C221BED0025EB6C /* gl_error.hpp */,
				81176DA91C2220880025EB6C /* gl_traits.hpp */,
			);
			name = gl;
			sourceTree = "<group>";
		};
		81176DAD1C229E240025EB6C /* ubo_test */ = {
			isa = PBXGroup;
			children = (
				81176DAE1C229E3D0025EB6C /* ubo_test.cpp */,
				81176DAF1C229E3D0025EB6C /* ubo_test.hpp */,
			);
			name = ubo_test;
			sourceTree = "<group>";
		};
		81176DB41C2372B90025EB6C /* ubo_test */ = {
			isa = PBXGroup;
			children = (
				81AB41011C260CAA00151156 /* ubo_test.fs */,
				81AB41031C260CC800151156 /* ubo_test.vs */,
			);
			name = ubo_test;
			sourceTree = "<group>";
		};
		81176DBB1C24C6ED0025EB6C /* libs */ = {
			isa = PBXGroup;
			children = (
				81176E001C24D56F0025EB6C /* stb */,
				81176DD01C24C6ED0025EB6C /* tinyobjloader */,
			);
			path = libs;
			sourceTree = "<group>";
		};
		81176DD01C24C6ED0025EB6C /* tinyobjloader */ = {
			isa = PBXGroup;
			children = (
				81176DD11C24C6ED0025EB6C /* tiny_obj_loader.h */,
			);
			path = tinyobjloader;
			sourceTree = "<group>";
		};
		81176E001C24D56F0025EB6C /* stb */ = {
			isa = PBXGroup;
			children = (
				81176DEA1C24D5580025EB6C /* README.md */,
				81176DEB1C24D5580025EB6C /* stb_c_lexer.h */,
				81176DEC1C24D5580025EB6C /* stb_divide.h */,
				81176DED1C24D5580025EB6C /* stb_dxt.h */,
				81176DEE1C24D5580025EB6C /* stb_easy_font.h */,
				81176DEF1C24D5580025EB6C /* stb_herringbone_wang_tile.h */,
				81176DF01C24D5580025EB6C /* stb_image_resize.h */,
				81176DF11C24D5580025EB6C /* stb_image_write.h */,
				81176DF21C24D5580025EB6C /* stb_image.h */,
				81176DF31C24D5580025EB6C /* stb_leakcheck.h */,
				81176DF41C24D5580025EB6C /* stb_perlin.h */,
				81176DF51C24D5580025EB6C /* stb_rect_pack.h */,
				81176DF61C24D5580025EB6C /* stb_textedit.h */,
				81176DF71C24D5580025EB6C /* stb_tilemap_editor.h */,
				81176DF81C24D5580025EB6C /* stb_truetype.h */,
				81176DF91C24D5580025EB6C /* stb_vorbis.c */,
				81176DFA1C24D5580025EB6C /* stb_voxel_render.h */,
				81176DFB1C24D5580025EB6C /* stb.h */,
				81176DFC1C24D5580025EB6C /* stretchy_buffer.h */,
			);
			name = stb;
			sourceTree = "<group>";
		};
		811D7C921C43728700668735 /* gamepadtextinput */ = {
			isa = PBXGroup;
			children = (
				811D7C931C4372AD00668735 /* gamepad_text_input.cpp */,
				811D7C941C4372AD00668735 /* gamepad_text_input.hpp */,
			);
			name = gamepadtextinput;
			sourceTree = "<group>";
		};
		815D61D61C1F652A005DB2A8 = {
			isa = PBXGroup;
			children = (
				81A01C001C522A4D00E00897 /* CoreFoundation.framework */,
				81A01BFE1C52271600E00897 /* CoreServices.framework */,
				81A01BEA1C5096B000E00897 /* liblua.5.2.4.dylib */,
				81A01BE81C4F359F00E00897 /* libluajit-5.1.2.0.4.dylib */,
				81A01BCE1C4B02BF00E00897 /* libmozjs-.dylib */,
				81A01BCC1C4B026E00E00897 /* libGLEW.1.13.0.dylib */,
				81176D931C1FE4B80025EB6C /* libboost_filesystem.dylib */,
				81176D941C1FE4B80025EB6C /* libboost_iostreams.a */,
				81176D951C1FE4B80025EB6C /* libboost_iostreams.dylib */,
				81176D961C1FE4B80025EB6C /* libboost_system.a */,
				81176D971C1FE4B80025EB6C /* libboost_system.dylib */,
				81176D911C1FE43D0025EB6C /* libboost_filesystem.a */,
				815D61FD1C1F65E7005DB2A8 /* libGLEW.1.12.0.dylib */,
				815D61FE1C1F65E7005DB2A8 /* libglfw3.a */,
				815D61FB1C1F65C2005DB2A8 /* Cocoa.framework */,
				815D61F91C1F65BE005DB2A8 /* IOKit.framework */,
				815D61F71C1F65B9005DB2A8 /* CoreVideo.framework */,
				815D61F51C1F65B0005DB2A8 /* OpenGL.framework */,
				815D62011C1F667F005DB2A8 /* src */,
				815D62041C1F66BD005DB2A8 /* shaders */,
				81176DBB1C24C6ED0025EB6C /* libs */,
				81AB41941C2B4A9F00151156 /* tests */,
				81A01BF81C51CEE600E00897 /* fsevents-test */,
				81A01C0A1C543BEF00E00897 /* resourcelayer-test */,
				815D61E01C1F652A005DB2A8 /* Products */,
				815D61ED1C1F652B005DB2A8 /* Info.plist */,
				81AB410C1C27D66F00151156 /* assets */,
			);
			sourceTree = "<group>";
		};
		815D61E01C1F652A005DB2A8 /* Products */ = {
			isa = PBXGroup;
			children = (
				815D61DF1C1F652A005DB2A8 /* GLSandbox.app */,
				81176DA11C21F5160025EB6C /* ThreadingTest */,
				81AB418D1C2B4A8F00151156 /* raii-signals-test */,
				81A01BF71C51CEE600E00897 /* fsevents-test */,
				81A01C091C543BEF00E00897 /* resourcelayer-test */,
			);
			name = Products;
			sourceTree = "<group>";
		};
		815D62011C1F667F005DB2A8 /* src */ = {
			isa = PBXGroup;
			children = (
				815D62031C1F66B3005DB2A8 /* modules */,
				815D62021C1F669E005DB2A8 /* common */,
				815D61F31C1F6574005DB2A8 /* main.cpp */,
			);
			name = src;
			path = GLSandbox;
			sourceTree = "<group>";
		};
		815D62021C1F669E005DB2A8 /* common */ = {
			isa = PBXGroup;
			children = (
				81A01C101C543C7A00E00897 /* resourcelayer */,
				81A01BEF1C51C88700E00897 /* fswatcher */,
				81A01BDE1C4F348F00E00897 /* script */,
				81A01BD01C4B02DA00E00897 /* js */,
				81176D8D1C1FC9850025EB6C /* gl */,
				815D62071C1F670F005DB2A8 /* app.cpp */,
				815D62081C1F670F005DB2A8 /* app.hpp */,
				81176D8E1C1FCBEF0025EB6C /* resources.cpp */,
				81176D8F1C1FCBEF0025EB6C /* resources.hpp */,
				81AB41791C28B4E400151156 /* camera.cpp */,
				81AB417A1C28B4E400151156 /* camera.hpp */,
				81AB41801C29093500151156 /* raii_signal.hpp */,
				81AB41821C2A967800151156 /* input.cpp */,
				81AB41831C2A967800151156 /* input.hpp */,
				81AB41981C2B916600151156 /* module_events.cpp */,
				81AB41991C2B916600151156 /* module_events.hpp */,
				81A01BD41C4B190100E00897 /* thread_worker.cpp */,
				81A01BD51C4B190100E00897 /* thread_worker.hpp */,
			);
			name = common;
			sourceTree = "<group>";
		};
		815D62031C1F66B3005DB2A8 /* modules */ = {
			isa = PBXGroup;
			children = (
				81A01BDA1C4B992400E00897 /* js */,
				811D7C921C43728700668735 /* gamepadtextinput */,
				81AB419C1C2BEECF00151156 /* camera */,
				81AB41851C2ABE5800151156 /* input_test */,
				81AB41051C27CEC100151156 /* obj_viewer */,
				81176DAD1C229E240025EB6C /* ubo_test */,
				815D620B1C1F7D5E005DB2A8 /* triangles */,
				815D620F1C1F7E42005DB2A8 /* modules.cpp */,
				815D620A1C1F7CED005DB2A8 /* module.hpp */,
				815D62101C1F7E42005DB2A8 /* modules.hpp */,
			);
			name = modules;
			sourceTree = "<group>";
		};
		815D62041C1F66BD005DB2A8 /* shaders */ = {
			isa = PBXGroup;
			children = (
				815D62061C1F66E3005DB2A8 /* modules */,
				815D62051C1F66DC005DB2A8 /* common */,
			);
			name = shaders;
			path = GLSandbox;
			sourceTree = "<group>";
		};
		815D62051C1F66DC005DB2A8 /* common */ = {
			isa = PBXGroup;
			children = (
				81AB41751C2890E900151156 /* diffuse_1light.fs */,
				81AB41771C2890FC00151156 /* diffuse_1light.vs */,
			);
			name = common;
			sourceTree = "<group>";
		};
		815D62061C1F66E3005DB2A8 /* modules */ = {
			isa = PBXGroup;
			children = (
				81176DB41C2372B90025EB6C /* ubo_test */,
				81176D831C1FC8E20025EB6C /* triangles */,
			);
			name = modules;
			sourceTree = "<group>";
		};
		815D620B1C1F7D5E005DB2A8 /* triangles */ = {
			isa = PBXGroup;
			children = (
				815D620D1C1F7D9F005DB2A8 /* triangles.hpp */,
				815D620C1C1F7D9F005DB2A8 /* triangles.cpp */,
			);
			name = triangles;
			sourceTree = "<group>";
		};
		81A01BD01C4B02DA00E00897 /* js */ = {
			isa = PBXGroup;
			children = (
				81A01BD11C4B02FF00E00897 /* JSInstance.cpp */,
				81A01BD21C4B02FF00E00897 /* JSInstance.hpp */,
				81A01BD71C4B2A9E00E00897 /* js_thread_instance.cpp */,
				81A01BD81C4B2A9E00E00897 /* js_thread_instance.hpp */,
			);
			name = js;
			sourceTree = "<group>";
		};
		81A01BDA1C4B992400E00897 /* js */ = {
			isa = PBXGroup;
			children = (
				81A01BDB1C4B993D00E00897 /* jstest.cpp */,
				81A01BDC1C4B993D00E00897 /* jstest.hpp */,
			);
			name = js;
			sourceTree = "<group>";
		};
		81A01BDE1C4F348F00E00897 /* script */ = {
			isa = PBXGroup;
			children = (
				81A01BDF1C4F34B300E00897 /* script_api.cpp */,
				81A01BE01C4F34B300E00897 /* script_api.hpp */,
				81A01BE51C4F353000E00897 /* lua_instance.cpp */,
				81A01BE61C4F353000E00897 /* lua_instance.hpp */,
			);
			name = script;
			sourceTree = "<group>";
		};
		81A01BEF1C51C88700E00897 /* fswatcher */ = {
			isa = PBXGroup;
			children = (
				81A01BEC1C51C88100E00897 /* fswatcher.cpp */,
				81A01BED1C51C88100E00897 /* fswatcher.hpp */,
				81A01BF01C51C8B300E00897 /* fswatcher_osx.cpp */,
				81A01BF11C51C8B300E00897 /* fswatcher_osx.hpp */,
			);
			name = fswatcher;
			sourceTree = "<group>";
		};
		81A01BF81C51CEE600E00897 /* fsevents-test */ = {
			isa = PBXGroup;
			children = (
				81A01BF91C51CEE600E00897 /* main.cpp */,
			);
			path = "fsevents-test";
			sourceTree = "<group>";
		};
		81A01C0A1C543BEF00E00897 /* resourcelayer-test */ = {
			isa = PBXGroup;
			children = (
				81A01C0B1C543BEF00E00897 /* main.cpp */,
			);
			path = "resourcelayer-test";
			sourceTree = "<group>";
		};
		81A01C101C543C7A00E00897 /* resourcelayer */ = {
			isa = PBXGroup;
			children = (
				81A01C111C543CA100E00897 /* resource_layer.cpp */,
				81A01C121C543CA100E00897 /* resource_layer.hpp */,
			);
			name = resourcelayer;
			sourceTree = "<group>";
		};
		81AB41051C27CEC100151156 /* obj_viewer */ = {
			isa = PBXGroup;
			children = (
				81AB41091C27CF1A00151156 /* obj_viewer.cpp */,
				81AB410A1C27CF1A00151156 /* obj_viewer.hpp */,
			);
			name = obj_viewer;
			sourceTree = "<group>";
		};
		81AB410C1C27D66F00151156 /* assets */ = {
			isa = PBXGroup;
			children = (
				81AB410D1C27D66F00151156 /* cube */,
				81AB41111C27D66F00151156 /* dabrovic-sponza */,
				81AB412A1C27D66F00151156 /* dragon */,
				81AB412C1C27D66F00151156 /* lost-empire */,
				81AB41341C27D66F00151156 /* sibenik */,
				81AB413E1C27D66F00151156 /* teapot */,
			);
			path = assets;
			sourceTree = "<group>";
		};
		81AB410D1C27D66F00151156 /* cube */ = {
			isa = PBXGroup;
			children = (
				81AB410E1C27D66F00151156 /* cube.obj */,
				81AB410F1C27D66F00151156 /* default.mtl */,
				81AB41101C27D66F00151156 /* default.png */,
			);
			path = cube;
			sourceTree = "<group>";
		};
		81AB41111C27D66F00151156 /* dabrovic-sponza */ = {
			isa = PBXGroup;
			children = (
				81AB41121C27D66F00151156 /* 00_skap.JPG */,
				81AB41131C27D66F00151156 /* 01_S_ba.JPG */,
				81AB41141C27D66F00151156 /* 01_S_kap-bump.jpg */,
				81AB41151C27D66F00151156 /* 01_S_kap.JPG */,
				81AB41161C27D66F00151156 /* 01_St_kp-bump.jpg */,
				81AB41171C27D66F00151156 /* 01_St_kp.JPG */,
				81AB41181C27D66F00151156 /* 01_STUB-bump.jpg */,
				81AB41191C27D66F00151156 /* 01_STUB.JPG */,
				81AB411A1C27D66F00151156 /* copyright.txt */,
				81AB411B1C27D66F00151156 /* KAMEN-bump.jpg */,
				81AB411C1C27D66F00151156 /* KAMEN-stup.JPG */,
				81AB411D1C27D66F00151156 /* KAMEN.JPG */,
				81AB411E1C27D66F00151156 /* prozor1.JPG */,
				81AB411F1C27D66F00151156 /* reljef-bump.jpg */,
				81AB41201C27D66F00151156 /* reljef.JPG */,
				81AB41211C27D66F00151156 /* sp_luk-bump.JPG */,
				81AB41221C27D66F00151156 /* sp_luk.JPG */,
				81AB41231C27D66F00151156 /* sponza.max */,
				81AB41241C27D66F00151156 /* sponza.mtl */,
				81AB41251C27D66F00151156 /* sponza.obj */,
				81AB41261C27D66F00151156 /* vrata_ko.JPG */,
				81AB41271C27D66F00151156 /* vrata_kr.JPG */,
				81AB41281C27D66F00151156 /* x01_st-bump.jpg */,
				81AB41291C27D66F00151156 /* x01_st.JPG */,
			);
			path = "dabrovic-sponza";
			sourceTree = "<group>";
		};
		81AB412A1C27D66F00151156 /* dragon */ = {
			isa = PBXGroup;
			children = (
				81AB412B1C27D66F00151156 /* dragon.obj */,
			);
			path = dragon;
			sourceTree = "<group>";
		};
		81AB412C1C27D66F00151156 /* lost-empire */ = {
			isa = PBXGroup;
			children = (
				81AB412D1C27D66F00151156 /* copyright.txt */,
				81AB412E1C27D66F00151156 /* lost_empire-Alpha.png */,
				81AB412F1C27D66F00151156 /* lost_empire-RGB.png */,
				81AB41301C27D66F00151156 /* lost_empire-RGBA.png */,
				81AB41311C27D66F00151156 /* lost_empire.jpg */,
				81AB41321C27D66F00151156 /* lost_empire.mtl */,
				81AB41331C27D66F00151156 /* lost_empire.obj */,
			);
			path = "lost-empire";
			sourceTree = "<group>";
		};
		81AB41341C27D66F00151156 /* sibenik */ = {
			isa = PBXGroup;
			children = (
				81AB41351C27D66F00151156 /* copyright.txt */,
				81AB41361C27D66F00151156 /* kamen-bump.png */,
				81AB41371C27D66F00151156 /* KAMEN-stup.png */,
				81AB41381C27D66F00151156 /* kamen.png */,
				81AB41391C27D66F00151156 /* mramor6x6-bump.png */,
				81AB413A1C27D66F00151156 /* mramor6x6.png */,
				81AB413B1C27D66F00151156 /* sibenik.max */,
				81AB413C1C27D66F00151156 /* sibenik.mtl */,
				81AB413D1C27D66F00151156 /* sibenik.obj */,
			);
			path = sibenik;
			sourceTree = "<group>";
		};
		81AB413E1C27D66F00151156 /* teapot */ = {
			isa = PBXGroup;
			children = (
				81AB413F1C27D66F00151156 /* copyright.txt */,
				81AB41401C27D66F00151156 /* default.mtl */,
				81AB41411C27D66F00151156 /* default.png */,
				81AB41421C27D66F00151156 /* teapot.max */,
				81AB41431C27D66F00151156 /* teapot.obj */,
			);
			path = teapot;
			sourceTree = "<group>";
		};
		81AB41851C2ABE5800151156 /* input_test */ = {
			isa = PBXGroup;
			children = (
				81AB41861C2ABE8200151156 /* input_test.cpp */,
				81AB41871C2ABE8200151156 /* input_test.hpp */,
			);
			name = input_test;
			sourceTree = "<group>";
		};
		81AB418E1C2B4A8F00151156 /* raii-signals-test */ = {
			isa = PBXGroup;
			children = (
				81AB41951C2B4AD400151156 /* main.cpp */,
			);
			path = "raii-signals-test";
			sourceTree = "<group>";
		};
		81AB41941C2B4A9F00151156 /* tests */ = {
			isa = PBXGroup;
			children = (
				81AB418E1C2B4A8F00151156 /* raii-signals-test */,
			);
			name = tests;
			sourceTree = "<group>";
		};
		81AB419C1C2BEECF00151156 /* camera */ = {
			isa = PBXGroup;
			children = (
				81AB419D1C2BEEF500151156 /* flycam.cpp */,
				81AB419E1C2BEEF500151156 /* flycam.hpp */,
			);
			name = camera;
			sourceTree = "<group>";
		};
/* End PBXGroup section */

/* Begin PBXNativeTarget section */
		81176DA01C21F5160025EB6C /* ThreadingTest */ = {
			isa = PBXNativeTarget;
			buildConfigurationList = 81176DA51C21F5160025EB6C /* Build configuration list for PBXNativeTarget "ThreadingTest" */;
			buildPhases = (
				81176D9D1C21F5160025EB6C /* Sources */,
				81176D9E1C21F5160025EB6C /* Frameworks */,
				81176D9F1C21F5160025EB6C /* CopyFiles */,
			);
			buildRules = (
			);
			dependencies = (
			);
			name = ThreadingTest;
			productName = ThreadingTest;
			productReference = 81176DA11C21F5160025EB6C /* ThreadingTest */;
			productType = "com.apple.product-type.tool";
		};
		815D61DE1C1F652A005DB2A8 /* GLSandbox */ = {
			isa = PBXNativeTarget;
			buildConfigurationList = 815D61F01C1F652B005DB2A8 /* Build configuration list for PBXNativeTarget "GLSandbox" */;
			buildPhases = (
				815D61DB1C1F652A005DB2A8 /* Sources */,
				815D61DC1C1F652A005DB2A8 /* Frameworks */,
				815D61DD1C1F652A005DB2A8 /* Resources */,
			);
			buildRules = (
			);
			dependencies = (
			);
			name = GLSandbox;
			productName = GLSandbox;
			productReference = 815D61DF1C1F652A005DB2A8 /* GLSandbox.app */;
			productType = "com.apple.product-type.application";
		};
		81A01BF61C51CEE600E00897 /* fsevents-test */ = {
			isa = PBXNativeTarget;
			buildConfigurationList = 81A01BFB1C51CEE600E00897 /* Build configuration list for PBXNativeTarget "fsevents-test" */;
			buildPhases = (
				81A01BF31C51CEE600E00897 /* Sources */,
				81A01BF41C51CEE600E00897 /* Frameworks */,
				81A01BF51C51CEE600E00897 /* CopyFiles */,
			);
			buildRules = (
			);
			dependencies = (
			);
			name = "fsevents-test";
			productName = "fsevents-test";
			productReference = 81A01BF71C51CEE600E00897 /* fsevents-test */;
			productType = "com.apple.product-type.tool";
		};
		81A01C081C543BEF00E00897 /* resourcelayer-test */ = {
			isa = PBXNativeTarget;
			buildConfigurationList = 81A01C0D1C543BEF00E00897 /* Build configuration list for PBXNativeTarget "resourcelayer-test" */;
			buildPhases = (
				81A01C051C543BEF00E00897 /* Sources */,
				81A01C061C543BEF00E00897 /* Frameworks */,
				81A01C071C543BEF00E00897 /* CopyFiles */,
			);
			buildRules = (
			);
			dependencies = (
			);
			name = "resourcelayer-test";
			productName = "resourcelayer-test";
			productReference = 81A01C091C543BEF00E00897 /* resourcelayer-test */;
			productType = "com.apple.product-type.tool";
		};
		81AB418C1C2B4A8F00151156 /* raii-signals-test */ = {
			isa = PBXNativeTarget;
			buildConfigurationList = 81AB41911C2B4A8F00151156 /* Build configuration list for PBXNativeTarget "raii-signals-test" */;
			buildPhases = (
				81AB41891C2B4A8F00151156 /* Sources */,
				81AB418A1C2B4A8F00151156 /* Frameworks */,
				81AB418B1C2B4A8F00151156 /* CopyFiles */,
			);
			buildRules = (
			);
			dependencies = (
			);
			name = "raii-signals-test";
			productName = "raii-signals-test";
			productReference = 81AB418D1C2B4A8F00151156 /* raii-signals-test */;
			productType = "com.apple.product-type.tool";
		};
/* End PBXNativeTarget section */

/* Begin PBXProject section */
		815D61D71C1F652A005DB2A8 /* Project object */ = {
			isa = PBXProject;
			attributes = {
				LastUpgradeCheck = 0700;
				ORGANIZATIONNAME = "Seiji Emery";
				TargetAttributes = {
					81176DA01C21F5160025EB6C = {
						CreatedOnToolsVersion = 7.0;
					};
					815D61DE1C1F652A005DB2A8 = {
						CreatedOnToolsVersion = 7.0;
					};
					81A01BF61C51CEE600E00897 = {
						CreatedOnToolsVersion = 7.0;
					};
					81A01C081C543BEF00E00897 = {
						CreatedOnToolsVersion = 7.0;
					};
					81AB418C1C2B4A8F00151156 = {
						CreatedOnToolsVersion = 7.0;
					};
				};
			};
			buildConfigurationList = 815D61DA1C1F652A005DB2A8 /* Build configuration list for PBXProject "GLSandbox" */;
			compatibilityVersion = "Xcode 3.2";
			developmentRegion = English;
			hasScannedForEncodings = 0;
			knownRegions = (
				en,
				Base,
			);
			mainGroup = 815D61D61C1F652A005DB2A8;
			productRefGroup = 815D61E01C1F652A005DB2A8 /* Products */;
			projectDirPath = "";
			projectRoot = "";
			targets = (
				815D61DE1C1F652A005DB2A8 /* GLSandbox */,
				81176DA01C21F5160025EB6C /* ThreadingTest */,
				81AB418C1C2B4A8F00151156 /* raii-signals-test */,
				81A01BF61C51CEE600E00897 /* fsevents-test */,
				81A01C081C543BEF00E00897 /* resourcelayer-test */,
			);
		};
/* End PBXProject section */

/* Begin PBXResourcesBuildPhase section */
		815D61DD1C1F652A005DB2A8 /* Resources */ = {
			isa = PBXResourcesBuildPhase;
			buildActionMask = 2147483647;
			files = (
				81AB415E1C27D66F00151156 /* x01_st.JPG in Resources */,
				81AB41661C27D66F00151156 /* lost_empire.obj in Resources */,
				81AB414D1C27D66F00151156 /* 01_STUB-bump.jpg in Resources */,
				81AB41551C27D66F00151156 /* reljef.JPG in Resources */,
				81AB416B1C27D66F00151156 /* mramor6x6-bump.png in Resources */,
				81AB416E1C27D66F00151156 /* sibenik.mtl in Resources */,
				81AB41471C27D66F00151156 /* 00_skap.JPG in Resources */,
				81176D871C1FC9230025EB6C /* basic_shader.vs in Resources */,
				81AB415A1C27D66F00151156 /* sponza.obj in Resources */,
				81AB41741C27D66F00151156 /* teapot.obj in Resources */,
				81AB41761C2890E900151156 /* diffuse_1light.fs in Resources */,
				81AB416F1C27D66F00151156 /* sibenik.obj in Resources */,
				81AB414E1C27D66F00151156 /* 01_STUB.JPG in Resources */,
				81AB41501C27D66F00151156 /* KAMEN-bump.jpg in Resources */,
				81AB414F1C27D66F00151156 /* copyright.txt in Resources */,
				81AB41481C27D66F00151156 /* 01_S_ba.JPG in Resources */,
				81AB41721C27D66F00151156 /* default.png in Resources */,
				81AB41601C27D66F00151156 /* copyright.txt in Resources */,
				81AB41541C27D66F00151156 /* reljef-bump.jpg in Resources */,
				81AB41611C27D66F00151156 /* lost_empire-Alpha.png in Resources */,
				81AB41581C27D66F00151156 /* sponza.max in Resources */,
				81043F8A1C30877900CEB09C /* instanced_array.vs in Resources */,
				81AB41641C27D66F00151156 /* lost_empire.jpg in Resources */,
				81AB41441C27D66F00151156 /* cube.obj in Resources */,
				81AB41461C27D66F00151156 /* default.png in Resources */,
				81AB415F1C27D66F00151156 /* dragon.obj in Resources */,
				81AB41491C27D66F00151156 /* 01_S_kap-bump.jpg in Resources */,
				81AB416C1C27D66F00151156 /* mramor6x6.png in Resources */,
				81AB41671C27D66F00151156 /* copyright.txt in Resources */,
				81AB41511C27D66F00151156 /* KAMEN-stup.JPG in Resources */,
				81AB414B1C27D66F00151156 /* 01_St_kp-bump.jpg in Resources */,
				81AB41681C27D66F00151156 /* kamen-bump.png in Resources */,
				81AB415D1C27D66F00151156 /* x01_st-bump.jpg in Resources */,
				81AB415C1C27D66F00151156 /* vrata_kr.JPG in Resources */,
				81176D851C1FC90D0025EB6C /* basic_shader.fs in Resources */,
				81AB41521C27D66F00151156 /* KAMEN.JPG in Resources */,
				81AB416D1C27D66F00151156 /* sibenik.max in Resources */,
				81AB415B1C27D66F00151156 /* vrata_ko.JPG in Resources */,
				81AB41731C27D66F00151156 /* teapot.max in Resources */,
				81AB41021C260CAA00151156 /* ubo_test.fs in Resources */,
				81AB41691C27D66F00151156 /* KAMEN-stup.png in Resources */,
				81AB41591C27D66F00151156 /* sponza.mtl in Resources */,
				81AB41781C2890FC00151156 /* diffuse_1light.vs in Resources */,
				81AB41531C27D66F00151156 /* prozor1.JPG in Resources */,
				81AB414A1C27D66F00151156 /* 01_S_kap.JPG in Resources */,
				81AB41621C27D66F00151156 /* lost_empire-RGB.png in Resources */,
				81AB41651C27D66F00151156 /* lost_empire.mtl in Resources */,
				81AB416A1C27D66F00151156 /* kamen.png in Resources */,
				81AB41041C260CC800151156 /* ubo_test.vs in Resources */,
				81043F881C30876A00CEB09C /* instanced_array.fs in Resources */,
				81AB41631C27D66F00151156 /* lost_empire-RGBA.png in Resources */,
				81AB41701C27D66F00151156 /* copyright.txt in Resources */,
				81AB41451C27D66F00151156 /* default.mtl in Resources */,
				81AB41561C27D66F00151156 /* sp_luk-bump.JPG in Resources */,
				81AB414C1C27D66F00151156 /* 01_St_kp.JPG in Resources */,
				81AB41571C27D66F00151156 /* sp_luk.JPG in Resources */,
				81AB41711C27D66F00151156 /* default.mtl in Resources */,
			);
			runOnlyForDeploymentPostprocessing = 0;
		};
/* End PBXResourcesBuildPhase section */

/* Begin PBXSourcesBuildPhase section */
		81176D9D1C21F5160025EB6C /* Sources */ = {
			isa = PBXSourcesBuildPhase;
			buildActionMask = 2147483647;
			files = (
			);
			runOnlyForDeploymentPostprocessing = 0;
		};
		815D61DB1C1F652A005DB2A8 /* Sources */ = {
			isa = PBXSourcesBuildPhase;
			buildActionMask = 2147483647;
			files = (
				81A01BEE1C51C88100E00897 /* fswatcher.cpp in Sources */,
				81176DAC1C22325E0025EB6C /* gl_wrapper.cpp in Sources */,
				81A01BE71C4F353000E00897 /* lua_instance.cpp in Sources */,
				81176D8A1C1FC9640025EB6C /* gl_shaders.cpp in Sources */,
				81AB417B1C28B4E500151156 /* camera.cpp in Sources */,
				81A01BD61C4B190100E00897 /* thread_worker.cpp in Sources */,
				81AB41841C2A967800151156 /* input.cpp in Sources */,
				81AB419A1C2B916600151156 /* module_events.cpp in Sources */,
				81176DFE1C24D5580025EB6C /* stb_vorbis.c in Sources */,
				811D7C951C4372AD00668735 /* gamepad_text_input.cpp in Sources */,
				81AB410B1C27CF1A00151156 /* obj_viewer.cpp in Sources */,
				81AB41881C2ABE8200151156 /* input_test.cpp in Sources */,
				81AB419F1C2BEEF500151156 /* flycam.cpp in Sources */,
				81A01BE11C4F34B300E00897 /* script_api.cpp in Sources */,
				81176DB01C229E3E0025EB6C /* ubo_test.cpp in Sources */,
				815D620E1C1F7D9F005DB2A8 /* triangles.cpp in Sources */,
				815D62111C1F7E42005DB2A8 /* modules.cpp in Sources */,
				815D62091C1F670F005DB2A8 /* app.cpp in Sources */,
				81A01BF21C51C8B300E00897 /* fswatcher_osx.cpp in Sources */,
				81A01C131C543CA100E00897 /* resource_layer.cpp in Sources */,
				815D61F41C1F6574005DB2A8 /* main.cpp in Sources */,
				81176D901C1FCBEF0025EB6C /* resources.cpp in Sources */,
				81A01BD31C4B02FF00E00897 /* JSInstance.cpp in Sources */,
				81A01BD91C4B2A9E00E00897 /* js_thread_instance.cpp in Sources */,
				81A01BDD1C4B993D00E00897 /* jstest.cpp in Sources */,
			);
			runOnlyForDeploymentPostprocessing = 0;
		};
		81A01BF31C51CEE600E00897 /* Sources */ = {
			isa = PBXSourcesBuildPhase;
			buildActionMask = 2147483647;
			files = (
				81A01BFA1C51CEE600E00897 /* main.cpp in Sources */,
			);
			runOnlyForDeploymentPostprocessing = 0;
		};
		81A01C051C543BEF00E00897 /* Sources */ = {
			isa = PBXSourcesBuildPhase;
			buildActionMask = 2147483647;
			files = (
				81A01C0C1C543BEF00E00897 /* main.cpp in Sources */,
			);
			runOnlyForDeploymentPostprocessing = 0;
		};
		81AB41891C2B4A8F00151156 /* Sources */ = {
			isa = PBXSourcesBuildPhase;
			buildActionMask = 2147483647;
			files = (
				81AB41971C2B4AD400151156 /* main.cpp in Sources */,
			);
			runOnlyForDeploymentPostprocessing = 0;
		};
/* End PBXSourcesBuildPhase section */

/* Begin XCBuildConfiguration section */
		81176DA61C21F5160025EB6C /* Debug */ = {
			isa = XCBuildConfiguration;
			buildSettings = {
				PRODUCT_NAME = "$(TARGET_NAME)";
			};
			name = Debug;
		};
		81176DA71C21F5160025EB6C /* Release */ = {
			isa = XCBuildConfiguration;
			buildSettings = {
				PRODUCT_NAME = "$(TARGET_NAME)";
			};
			name = Release;
		};
		815D61EE1C1F652B005DB2A8 /* Debug */ = {
			isa = XCBuildConfiguration;
			buildSettings = {
				ALWAYS_SEARCH_USER_PATHS = NO;
				CLANG_CXX_LANGUAGE_STANDARD = "gnu++0x";
				CLANG_CXX_LIBRARY = "libc++";
				CLANG_ENABLE_MODULES = YES;
				CLANG_ENABLE_OBJC_ARC = YES;
				CLANG_WARN_BOOL_CONVERSION = YES;
				CLANG_WARN_CONSTANT_CONVERSION = YES;
				CLANG_WARN_DIRECT_OBJC_ISA_USAGE = YES_ERROR;
				CLANG_WARN_EMPTY_BODY = YES;
				CLANG_WARN_ENUM_CONVERSION = YES;
				CLANG_WARN_INT_CONVERSION = YES;
				CLANG_WARN_OBJC_ROOT_CLASS = YES_ERROR;
				CLANG_WARN_UNREACHABLE_CODE = YES;
				CLANG_WARN__DUPLICATE_METHOD_MATCH = YES;
				CODE_SIGN_IDENTITY = "-";
				COPY_PHASE_STRIP = NO;
				DEBUG_INFORMATION_FORMAT = dwarf;
				ENABLE_STRICT_OBJC_MSGSEND = YES;
				ENABLE_TESTABILITY = YES;
				GCC_C_LANGUAGE_STANDARD = gnu99;
				GCC_DYNAMIC_NO_PIC = NO;
				GCC_NO_COMMON_BLOCKS = YES;
				GCC_OPTIMIZATION_LEVEL = 0;
				GCC_PREPROCESSOR_DEFINITIONS = (
					"DEBUG=1",
					"$(inherited)",
				);
				GCC_WARN_64_TO_32_BIT_CONVERSION = YES;
				GCC_WARN_ABOUT_RETURN_TYPE = YES_ERROR;
				GCC_WARN_UNDECLARED_SELECTOR = YES;
				GCC_WARN_UNINITIALIZED_AUTOS = YES_AGGRESSIVE;
				GCC_WARN_UNUSED_FUNCTION = YES;
				GCC_WARN_UNUSED_VARIABLE = YES;
				MACOSX_DEPLOYMENT_TARGET = 10.11;
				MTL_ENABLE_DEBUG_INFO = YES;
				ONLY_ACTIVE_ARCH = YES;
				SDKROOT = macosx;
			};
			name = Debug;
		};
		815D61EF1C1F652B005DB2A8 /* Release */ = {
			isa = XCBuildConfiguration;
			buildSettings = {
				ALWAYS_SEARCH_USER_PATHS = NO;
				CLANG_CXX_LANGUAGE_STANDARD = "gnu++0x";
				CLANG_CXX_LIBRARY = "libc++";
				CLANG_ENABLE_MODULES = YES;
				CLANG_ENABLE_OBJC_ARC = YES;
				CLANG_WARN_BOOL_CONVERSION = YES;
				CLANG_WARN_CONSTANT_CONVERSION = YES;
				CLANG_WARN_DIRECT_OBJC_ISA_USAGE = YES_ERROR;
				CLANG_WARN_EMPTY_BODY = YES;
				CLANG_WARN_ENUM_CONVERSION = YES;
				CLANG_WARN_INT_CONVERSION = YES;
				CLANG_WARN_OBJC_ROOT_CLASS = YES_ERROR;
				CLANG_WARN_UNREACHABLE_CODE = YES;
				CLANG_WARN__DUPLICATE_METHOD_MATCH = YES;
				CODE_SIGN_IDENTITY = "-";
				COPY_PHASE_STRIP = NO;
				DEBUG_INFORMATION_FORMAT = "dwarf-with-dsym";
				ENABLE_NS_ASSERTIONS = NO;
				ENABLE_STRICT_OBJC_MSGSEND = YES;
				GCC_C_LANGUAGE_STANDARD = gnu99;
				GCC_NO_COMMON_BLOCKS = YES;
				GCC_WARN_64_TO_32_BIT_CONVERSION = YES;
				GCC_WARN_ABOUT_RETURN_TYPE = YES_ERROR;
				GCC_WARN_UNDECLARED_SELECTOR = YES;
				GCC_WARN_UNINITIALIZED_AUTOS = YES_AGGRESSIVE;
				GCC_WARN_UNUSED_FUNCTION = YES;
				GCC_WARN_UNUSED_VARIABLE = YES;
				MACOSX_DEPLOYMENT_TARGET = 10.11;
				MTL_ENABLE_DEBUG_INFO = NO;
				SDKROOT = macosx;
			};
			name = Release;
		};
		815D61F11C1F652B005DB2A8 /* Debug */ = {
			isa = XCBuildConfiguration;
			buildSettings = {
				ASSETCATALOG_COMPILER_APPICON_NAME = AppIcon;
				CLANG_CXX_LANGUAGE_STANDARD = "gnu++14";
				COMBINE_HIDPI_IMAGES = YES;
				GCC_ENABLE_CPP_RTTI = NO;
				GCC_THREADSAFE_STATICS = YES;
				HEADER_SEARCH_PATHS = (
					/usr/local/include,
					"/usr/local/include/mozjs-",
					"/usr/local/include/luajit-2.0",
				);
				INFOPLIST_FILE = GLSandbox/Info.plist;
				LD_RUNPATH_SEARCH_PATHS = "$(inherited) @executable_path/../Frameworks";
				LIBRARY_SEARCH_PATHS = (
					"$(inherited)",
					/usr/local/lib,
					/usr/local/Cellar/boost/1.58.0/lib,
					/usr/local/Cellar/glew/1.13.0/lib,
					/usr/local/Cellar/lua/5.2.4_2/lib,
				);
				OTHER_LDFLAGS = (
					"-pagezero_size",
					10000,
					"-image_base",
					100000000,
				);
				PRODUCT_BUNDLE_IDENTIFIER = "n-a.GLSandbox";
				PRODUCT_NAME = "$(TARGET_NAME)";
			};
			name = Debug;
		};
		815D61F21C1F652B005DB2A8 /* Release */ = {
			isa = XCBuildConfiguration;
			buildSettings = {
				ASSETCATALOG_COMPILER_APPICON_NAME = AppIcon;
				CLANG_CXX_LANGUAGE_STANDARD = "gnu++14";
				COMBINE_HIDPI_IMAGES = YES;
				GCC_ENABLE_CPP_RTTI = NO;
				GCC_THREADSAFE_STATICS = YES;
				HEADER_SEARCH_PATHS = (
					/usr/local/include,
					"/usr/local/include/mozjs-",
					"/usr/local/include/luajit-2.0",
				);
				INFOPLIST_FILE = GLSandbox/Info.plist;
				LD_RUNPATH_SEARCH_PATHS = "$(inherited) @executable_path/../Frameworks";
				LIBRARY_SEARCH_PATHS = (
					"$(inherited)",
					/usr/local/lib,
					/usr/local/Cellar/boost/1.58.0/lib,
					/usr/local/Cellar/glew/1.13.0/lib,
					/usr/local/Cellar/lua/5.2.4_2/lib,
				);
				OTHER_LDFLAGS = (
					"-pagezero_size",
					10000,
					"-image_base",
					100000000,
				);
				PRODUCT_BUNDLE_IDENTIFIER = "n-a.GLSandbox";
				PRODUCT_NAME = "$(TARGET_NAME)";
			};
			name = Release;
		};
		81A01BFC1C51CEE600E00897 /* Debug */ = {
			isa = XCBuildConfiguration;
			buildSettings = {
				CLANG_CXX_LANGUAGE_STANDARD = "gnu++14";
				PRODUCT_NAME = "$(TARGET_NAME)";
			};
			name = Debug;
		};
		81A01BFD1C51CEE600E00897 /* Release */ = {
			isa = XCBuildConfiguration;
			buildSettings = {
				CLANG_CXX_LANGUAGE_STANDARD = "gnu++14";
				PRODUCT_NAME = "$(TARGET_NAME)";
			};
			name = Release;
		};
		81A01C0E1C543BEF00E00897 /* Debug */ = {
			isa = XCBuildConfiguration;
			buildSettings = {
				CLANG_CXX_LANGUAGE_STANDARD = "gnu++14";
				PRODUCT_NAME = "$(TARGET_NAME)";
			};
			name = Debug;
		};
		81A01C0F1C543BEF00E00897 /* Release */ = {
			isa = XCBuildConfiguration;
			buildSettings = {
				CLANG_CXX_LANGUAGE_STANDARD = "gnu++14";
				PRODUCT_NAME = "$(TARGET_NAME)";
			};
			name = Release;
		};
		81AB41921C2B4A8F00151156 /* Debug */ = {
			isa = XCBuildConfiguration;
			buildSettings = {
				PRODUCT_NAME = "$(TARGET_NAME)";
			};
			name = Debug;
		};
		81AB41931C2B4A8F00151156 /* Release */ = {
			isa = XCBuildConfiguration;
			buildSettings = {
				PRODUCT_NAME = "$(TARGET_NAME)";
			};
			name = Release;
		};
/* End XCBuildConfiguration section */

/* Begin XCConfigurationList section */
		81176DA51C21F5160025EB6C /* Build configuration list for PBXNativeTarget "ThreadingTest" */ = {
			isa = XCConfigurationList;
			buildConfigurations = (
				81176DA61C21F5160025EB6C /* Debug */,
				81176DA71C21F5160025EB6C /* Release */,
			);
			defaultConfigurationIsVisible = 0;
			defaultConfigurationName = Release;
		};
		815D61DA1C1F652A005DB2A8 /* Build configuration list for PBXProject "GLSandbox" */ = {
			isa = XCConfigurationList;
			buildConfigurations = (
				815D61EE1C1F652B005DB2A8 /* Debug */,
				815D61EF1C1F652B005DB2A8 /* Release */,
			);
			defaultConfigurationIsVisible = 0;
			defaultConfigurationName = Release;
		};
		815D61F01C1F652B005DB2A8 /* Build configuration list for PBXNativeTarget "GLSandbox" */ = {
			isa = XCConfigurationList;
			buildConfigurations = (
				815D61F11C1F652B005DB2A8 /* Debug */,
				815D61F21C1F652B005DB2A8 /* Release */,
			);
			defaultConfigurationIsVisible = 0;
			defaultConfigurationName = Release;
		};
		81A01BFB1C51CEE600E00897 /* Build configuration list for PBXNativeTarget "fsevents-test" */ = {
			isa = XCConfigurationList;
			buildConfigurations = (
				81A01BFC1C51CEE600E00897 /* Debug */,
				81A01BFD1C51CEE600E00897 /* Release */,
			);
			defaultConfigurationIsVisible = 0;
		};
		81A01C0D1C543BEF00E00897 /* Build configuration list for PBXNativeTarget "resourcelayer-test" */ = {
			isa = XCConfigurationList;
			buildConfigurations = (
				81A01C0E1C543BEF00E00897 /* Debug */,
				81A01C0F1C543BEF00E00897 /* Release */,
			);
			defaultConfigurationIsVisible = 0;
		};
		81AB41911C2B4A8F00151156 /* Build configuration list for PBXNativeTarget "raii-signals-test" */ = {
			isa = XCConfigurationList;
			buildConfigurations = (
				81AB41921C2B4A8F00151156 /* Debug */,
				81AB41931C2B4A8F00151156 /* Release */,
			);
			defaultConfigurationIsVisible = 0;
			defaultConfigurationName = Release;
		};
/* End XCConfigurationList section */
	};
	rootObject = 815D61D71C1F652A005DB2A8 /* Project object */;
}
