// !$*UTF8*$!
{
	archiveVersion = 1;
	classes = {
	};
	objectVersion = 46;
	objects = {

/* Begin PBXBuildFile section */
		81176D851C1FC90D0025EB6C /* basic_shader.fs in Resources */ = {isa = PBXBuildFile; fileRef = 81176D841C1FC90D0025EB6C /* basic_shader.fs */; settings = {ASSET_TAGS = (); }; };
		81176D871C1FC9230025EB6C /* basic_shader.vs in Resources */ = {isa = PBXBuildFile; fileRef = 81176D861C1FC9230025EB6C /* basic_shader.vs */; settings = {ASSET_TAGS = (); }; };
		81176D8A1C1FC9640025EB6C /* gl_shaders.cpp in Sources */ = {isa = PBXBuildFile; fileRef = 81176D881C1FC9640025EB6C /* gl_shaders.cpp */; settings = {ASSET_TAGS = (); }; };
		81176D901C1FCBEF0025EB6C /* resources.cpp in Sources */ = {isa = PBXBuildFile; fileRef = 81176D8E1C1FCBEF0025EB6C /* resources.cpp */; settings = {ASSET_TAGS = (); }; };
		81176D921C1FE43D0025EB6C /* libboost_filesystem.a in Frameworks */ = {isa = PBXBuildFile; fileRef = 81176D911C1FE43D0025EB6C /* libboost_filesystem.a */; };
		81176D981C1FE4B80025EB6C /* libboost_filesystem.dylib in Frameworks */ = {isa = PBXBuildFile; fileRef = 81176D931C1FE4B80025EB6C /* libboost_filesystem.dylib */; };
		81176D991C1FE4B80025EB6C /* libboost_iostreams.a in Frameworks */ = {isa = PBXBuildFile; fileRef = 81176D941C1FE4B80025EB6C /* libboost_iostreams.a */; };
		81176D9A1C1FE4B80025EB6C /* libboost_iostreams.dylib in Frameworks */ = {isa = PBXBuildFile; fileRef = 81176D951C1FE4B80025EB6C /* libboost_iostreams.dylib */; };
		81176D9B1C1FE4B80025EB6C /* libboost_system.a in Frameworks */ = {isa = PBXBuildFile; fileRef = 81176D961C1FE4B80025EB6C /* libboost_system.a */; };
		81176D9C1C1FE4B80025EB6C /* libboost_system.dylib in Frameworks */ = {isa = PBXBuildFile; fileRef = 81176D971C1FE4B80025EB6C /* libboost_system.dylib */; };
		81176DA41C21F5160025EB6C /* main.cpp in Sources */ = {isa = PBXBuildFile; fileRef = 81176DA31C21F5160025EB6C /* main.cpp */; };
		81176DAC1C22325E0025EB6C /* gl_wrapper.cpp in Sources */ = {isa = PBXBuildFile; fileRef = 81176DAA1C22325E0025EB6C /* gl_wrapper.cpp */; settings = {ASSET_TAGS = (); }; };
		815D61F41C1F6574005DB2A8 /* main.cpp in Sources */ = {isa = PBXBuildFile; fileRef = 815D61F31C1F6574005DB2A8 /* main.cpp */; settings = {ASSET_TAGS = (); }; };
		815D61F61C1F65B0005DB2A8 /* OpenGL.framework in Frameworks */ = {isa = PBXBuildFile; fileRef = 815D61F51C1F65B0005DB2A8 /* OpenGL.framework */; };
		815D61F81C1F65B9005DB2A8 /* CoreVideo.framework in Frameworks */ = {isa = PBXBuildFile; fileRef = 815D61F71C1F65B9005DB2A8 /* CoreVideo.framework */; };
		815D61FA1C1F65BE005DB2A8 /* IOKit.framework in Frameworks */ = {isa = PBXBuildFile; fileRef = 815D61F91C1F65BE005DB2A8 /* IOKit.framework */; };
		815D61FC1C1F65C2005DB2A8 /* Cocoa.framework in Frameworks */ = {isa = PBXBuildFile; fileRef = 815D61FB1C1F65C2005DB2A8 /* Cocoa.framework */; };
		815D61FF1C1F65E7005DB2A8 /* libGLEW.1.12.0.dylib in Frameworks */ = {isa = PBXBuildFile; fileRef = 815D61FD1C1F65E7005DB2A8 /* libGLEW.1.12.0.dylib */; };
		815D62001C1F65E7005DB2A8 /* libglfw3.a in Frameworks */ = {isa = PBXBuildFile; fileRef = 815D61FE1C1F65E7005DB2A8 /* libglfw3.a */; };
		815D62091C1F670F005DB2A8 /* app.cpp in Sources */ = {isa = PBXBuildFile; fileRef = 815D62071C1F670F005DB2A8 /* app.cpp */; settings = {ASSET_TAGS = (); }; };
		815D620E1C1F7D9F005DB2A8 /* triangles.cpp in Sources */ = {isa = PBXBuildFile; fileRef = 815D620C1C1F7D9F005DB2A8 /* triangles.cpp */; settings = {ASSET_TAGS = (); }; };
		815D62111C1F7E42005DB2A8 /* modules.cpp in Sources */ = {isa = PBXBuildFile; fileRef = 815D620F1C1F7E42005DB2A8 /* modules.cpp */; settings = {ASSET_TAGS = (); }; };
/* End PBXBuildFile section */

/* Begin PBXCopyFilesBuildPhase section */
		81176D9F1C21F5160025EB6C /* CopyFiles */ = {
			isa = PBXCopyFilesBuildPhase;
			buildActionMask = 2147483647;
			dstPath = /usr/share/man/man1/;
			dstSubfolderSpec = 0;
			files = (
			);
			runOnlyForDeploymentPostprocessing = 1;
		};
/* End PBXCopyFilesBuildPhase section */

/* Begin PBXFileReference section */
		81176D841C1FC90D0025EB6C /* basic_shader.fs */ = {isa = PBXFileReference; fileEncoding = 4; lastKnownFileType = sourcecode.glsl; name = basic_shader.fs; path = shaders/modules/triangles/basic_shader.fs; sourceTree = SOURCE_ROOT; };
		81176D861C1FC9230025EB6C /* basic_shader.vs */ = {isa = PBXFileReference; fileEncoding = 4; lastKnownFileType = sourcecode.glsl; name = basic_shader.vs; path = shaders/modules/triangles/basic_shader.vs; sourceTree = SOURCE_ROOT; };
		81176D881C1FC9640025EB6C /* gl_shaders.cpp */ = {isa = PBXFileReference; fileEncoding = 4; lastKnownFileType = sourcecode.cpp.cpp; name = gl_shaders.cpp; path = src/common/gl/gl_shaders.cpp; sourceTree = SOURCE_ROOT; };
		81176D891C1FC9640025EB6C /* gl_shaders.hpp */ = {isa = PBXFileReference; fileEncoding = 4; lastKnownFileType = sourcecode.cpp.h; name = gl_shaders.hpp; path = src/common/gl/gl_shaders.hpp; sourceTree = SOURCE_ROOT; };
		81176D8E1C1FCBEF0025EB6C /* resources.cpp */ = {isa = PBXFileReference; fileEncoding = 4; lastKnownFileType = sourcecode.cpp.cpp; name = resources.cpp; path = src/common/resources.cpp; sourceTree = SOURCE_ROOT; };
		81176D8F1C1FCBEF0025EB6C /* resources.hpp */ = {isa = PBXFileReference; fileEncoding = 4; lastKnownFileType = sourcecode.cpp.h; name = resources.hpp; path = src/common/resources.hpp; sourceTree = SOURCE_ROOT; };
		81176D911C1FE43D0025EB6C /* libboost_filesystem.a */ = {isa = PBXFileReference; lastKnownFileType = archive.ar; name = libboost_filesystem.a; path = ../../../../usr/local/Cellar/boost/1.58.0/lib/libboost_filesystem.a; sourceTree = "<group>"; };
		81176D931C1FE4B80025EB6C /* libboost_filesystem.dylib */ = {isa = PBXFileReference; lastKnownFileType = "compiled.mach-o.dylib"; name = libboost_filesystem.dylib; path = ../../../../usr/local/Cellar/boost/1.58.0/lib/libboost_filesystem.dylib; sourceTree = "<group>"; };
		81176D941C1FE4B80025EB6C /* libboost_iostreams.a */ = {isa = PBXFileReference; lastKnownFileType = archive.ar; name = libboost_iostreams.a; path = ../../../../usr/local/Cellar/boost/1.58.0/lib/libboost_iostreams.a; sourceTree = "<group>"; };
		81176D951C1FE4B80025EB6C /* libboost_iostreams.dylib */ = {isa = PBXFileReference; lastKnownFileType = "compiled.mach-o.dylib"; name = libboost_iostreams.dylib; path = ../../../../usr/local/Cellar/boost/1.58.0/lib/libboost_iostreams.dylib; sourceTree = "<group>"; };
		81176D961C1FE4B80025EB6C /* libboost_system.a */ = {isa = PBXFileReference; lastKnownFileType = archive.ar; name = libboost_system.a; path = ../../../../usr/local/Cellar/boost/1.58.0/lib/libboost_system.a; sourceTree = "<group>"; };
		81176D971C1FE4B80025EB6C /* libboost_system.dylib */ = {isa = PBXFileReference; lastKnownFileType = "compiled.mach-o.dylib"; name = libboost_system.dylib; path = ../../../../usr/local/Cellar/boost/1.58.0/lib/libboost_system.dylib; sourceTree = "<group>"; };
		81176DA11C21F5160025EB6C /* ThreadingTest */ = {isa = PBXFileReference; explicitFileType = "compiled.mach-o.executable"; includeInIndex = 0; path = ThreadingTest; sourceTree = BUILT_PRODUCTS_DIR; };
		81176DA31C21F5160025EB6C /* main.cpp */ = {isa = PBXFileReference; lastKnownFileType = sourcecode.cpp.cpp; path = main.cpp; sourceTree = "<group>"; };
		81176DA81C221BED0025EB6C /* gl_error.hpp */ = {isa = PBXFileReference; lastKnownFileType = sourcecode.cpp.h; name = gl_error.hpp; path = src/common/gl/gl_error.hpp; sourceTree = SOURCE_ROOT; };
		81176DA91C2220880025EB6C /* gl_traits.hpp */ = {isa = PBXFileReference; lastKnownFileType = sourcecode.cpp.h; name = gl_traits.hpp; path = src/common/gl/gl_traits.hpp; sourceTree = SOURCE_ROOT; };
		81176DAA1C22325E0025EB6C /* gl_wrapper.cpp */ = {isa = PBXFileReference; fileEncoding = 4; lastKnownFileType = sourcecode.cpp.cpp; name = gl_wrapper.cpp; path = src/common/gl/gl_wrapper.cpp; sourceTree = SOURCE_ROOT; };
		81176DAB1C22325E0025EB6C /* gl_wrapper.hpp */ = {isa = PBXFileReference; fileEncoding = 4; lastKnownFileType = sourcecode.cpp.h; name = gl_wrapper.hpp; path = src/common/gl/gl_wrapper.hpp; sourceTree = SOURCE_ROOT; };
		815D61DF1C1F652A005DB2A8 /* GLSandbox.app */ = {isa = PBXFileReference; explicitFileType = wrapper.application; includeInIndex = 0; path = GLSandbox.app; sourceTree = BUILT_PRODUCTS_DIR; };
		815D61ED1C1F652B005DB2A8 /* Info.plist */ = {isa = PBXFileReference; lastKnownFileType = text.plist.xml; name = Info.plist; path = GLSandbox/Info.plist; sourceTree = "<group>"; };
		815D61F31C1F6574005DB2A8 /* main.cpp */ = {isa = PBXFileReference; fileEncoding = 4; lastKnownFileType = sourcecode.cpp.cpp; name = main.cpp; path = src/main.cpp; sourceTree = SOURCE_ROOT; };
		815D61F51C1F65B0005DB2A8 /* OpenGL.framework */ = {isa = PBXFileReference; lastKnownFileType = wrapper.framework; name = OpenGL.framework; path = System/Library/Frameworks/OpenGL.framework; sourceTree = SDKROOT; };
		815D61F71C1F65B9005DB2A8 /* CoreVideo.framework */ = {isa = PBXFileReference; lastKnownFileType = wrapper.framework; name = CoreVideo.framework; path = System/Library/Frameworks/CoreVideo.framework; sourceTree = SDKROOT; };
		815D61F91C1F65BE005DB2A8 /* IOKit.framework */ = {isa = PBXFileReference; lastKnownFileType = wrapper.framework; name = IOKit.framework; path = System/Library/Frameworks/IOKit.framework; sourceTree = SDKROOT; };
		815D61FB1C1F65C2005DB2A8 /* Cocoa.framework */ = {isa = PBXFileReference; lastKnownFileType = wrapper.framework; name = Cocoa.framework; path = System/Library/Frameworks/Cocoa.framework; sourceTree = SDKROOT; };
		815D61FD1C1F65E7005DB2A8 /* libGLEW.1.12.0.dylib */ = {isa = PBXFileReference; lastKnownFileType = "compiled.mach-o.dylib"; name = libGLEW.1.12.0.dylib; path = ../../../../usr/local/Cellar/glew/1.12.0/lib/libGLEW.1.12.0.dylib; sourceTree = "<group>"; };
		815D61FE1C1F65E7005DB2A8 /* libglfw3.a */ = {isa = PBXFileReference; lastKnownFileType = archive.ar; name = libglfw3.a; path = ../../../../usr/local/lib/libglfw3.a; sourceTree = "<group>"; };
		815D62071C1F670F005DB2A8 /* app.cpp */ = {isa = PBXFileReference; fileEncoding = 4; lastKnownFileType = sourcecode.cpp.cpp; name = app.cpp; path = src/common/app.cpp; sourceTree = SOURCE_ROOT; };
		815D62081C1F670F005DB2A8 /* app.hpp */ = {isa = PBXFileReference; fileEncoding = 4; lastKnownFileType = sourcecode.cpp.h; name = app.hpp; path = src/common/app.hpp; sourceTree = SOURCE_ROOT; };
		815D620A1C1F7CED005DB2A8 /* module.hpp */ = {isa = PBXFileReference; lastKnownFileType = sourcecode.cpp.h; name = module.hpp; path = src/modules/module.hpp; sourceTree = SOURCE_ROOT; };
		815D620C1C1F7D9F005DB2A8 /* triangles.cpp */ = {isa = PBXFileReference; fileEncoding = 4; lastKnownFileType = sourcecode.cpp.cpp; name = triangles.cpp; path = src/modules/triangles/triangles.cpp; sourceTree = SOURCE_ROOT; };
		815D620D1C1F7D9F005DB2A8 /* triangles.hpp */ = {isa = PBXFileReference; fileEncoding = 4; lastKnownFileType = sourcecode.cpp.h; name = triangles.hpp; path = src/modules/triangles/triangles.hpp; sourceTree = SOURCE_ROOT; };
		815D620F1C1F7E42005DB2A8 /* modules.cpp */ = {isa = PBXFileReference; fileEncoding = 4; lastKnownFileType = sourcecode.cpp.cpp; name = modules.cpp; path = src/modules/modules.cpp; sourceTree = SOURCE_ROOT; };
		815D62101C1F7E42005DB2A8 /* modules.hpp */ = {isa = PBXFileReference; fileEncoding = 4; lastKnownFileType = sourcecode.cpp.h; name = modules.hpp; path = src/modules/modules.hpp; sourceTree = SOURCE_ROOT; };
/* End PBXFileReference section */

/* Begin PBXFrameworksBuildPhase section */
		81176D9E1C21F5160025EB6C /* Frameworks */ = {
			isa = PBXFrameworksBuildPhase;
			buildActionMask = 2147483647;
			files = (
			);
			runOnlyForDeploymentPostprocessing = 0;
		};
		815D61DC1C1F652A005DB2A8 /* Frameworks */ = {
			isa = PBXFrameworksBuildPhase;
			buildActionMask = 2147483647;
			files = (
				81176D981C1FE4B80025EB6C /* libboost_filesystem.dylib in Frameworks */,
				81176D991C1FE4B80025EB6C /* libboost_iostreams.a in Frameworks */,
				81176D9A1C1FE4B80025EB6C /* libboost_iostreams.dylib in Frameworks */,
				81176D9B1C1FE4B80025EB6C /* libboost_system.a in Frameworks */,
				81176D9C1C1FE4B80025EB6C /* libboost_system.dylib in Frameworks */,
				81176D921C1FE43D0025EB6C /* libboost_filesystem.a in Frameworks */,
				815D61FF1C1F65E7005DB2A8 /* libGLEW.1.12.0.dylib in Frameworks */,
				815D62001C1F65E7005DB2A8 /* libglfw3.a in Frameworks */,
				815D61FC1C1F65C2005DB2A8 /* Cocoa.framework in Frameworks */,
				815D61FA1C1F65BE005DB2A8 /* IOKit.framework in Frameworks */,
				815D61F81C1F65B9005DB2A8 /* CoreVideo.framework in Frameworks */,
				815D61F61C1F65B0005DB2A8 /* OpenGL.framework in Frameworks */,
			);
			runOnlyForDeploymentPostprocessing = 0;
		};
/* End PBXFrameworksBuildPhase section */

/* Begin PBXGroup section */
		81176D831C1FC8E20025EB6C /* triangles */ = {
			isa = PBXGroup;
			children = (
				81176D841C1FC90D0025EB6C /* basic_shader.fs */,
				81176D861C1FC9230025EB6C /* basic_shader.vs */,
			);
			name = triangles;
			sourceTree = "<group>";
		};
		81176D8D1C1FC9850025EB6C /* gl */ = {
			isa = PBXGroup;
			children = (
				81176D881C1FC9640025EB6C /* gl_shaders.cpp */,
				81176D891C1FC9640025EB6C /* gl_shaders.hpp */,
				81176DAA1C22325E0025EB6C /* gl_wrapper.cpp */,
				81176DAB1C22325E0025EB6C /* gl_wrapper.hpp */,
				81176DA81C221BED0025EB6C /* gl_error.hpp */,
				81176DA91C2220880025EB6C /* gl_traits.hpp */,
			);
			name = gl;
			sourceTree = "<group>";
		};
		81176DA21C21F5160025EB6C /* ThreadingTest */ = {
			isa = PBXGroup;
			children = (
				81176DA31C21F5160025EB6C /* main.cpp */,
			);
			path = ThreadingTest;
			sourceTree = "<group>";
		};
		815D61D61C1F652A005DB2A8 = {
			isa = PBXGroup;
			children = (
				81176D931C1FE4B80025EB6C /* libboost_filesystem.dylib */,
				81176D941C1FE4B80025EB6C /* libboost_iostreams.a */,
				81176D951C1FE4B80025EB6C /* libboost_iostreams.dylib */,
				81176D961C1FE4B80025EB6C /* libboost_system.a */,
				81176D971C1FE4B80025EB6C /* libboost_system.dylib */,
				81176D911C1FE43D0025EB6C /* libboost_filesystem.a */,
				815D61FD1C1F65E7005DB2A8 /* libGLEW.1.12.0.dylib */,
				815D61FE1C1F65E7005DB2A8 /* libglfw3.a */,
				815D61FB1C1F65C2005DB2A8 /* Cocoa.framework */,
				815D61F91C1F65BE005DB2A8 /* IOKit.framework */,
				815D61F71C1F65B9005DB2A8 /* CoreVideo.framework */,
				815D61F51C1F65B0005DB2A8 /* OpenGL.framework */,
				815D62041C1F66BD005DB2A8 /* shaders */,
				815D62011C1F667F005DB2A8 /* src */,
				81176DA21C21F5160025EB6C /* ThreadingTest */,
				815D61E01C1F652A005DB2A8 /* Products */,
				815D61ED1C1F652B005DB2A8 /* Info.plist */,
			);
			sourceTree = "<group>";
		};
		815D61E01C1F652A005DB2A8 /* Products */ = {
			isa = PBXGroup;
			children = (
				815D61DF1C1F652A005DB2A8 /* GLSandbox.app */,
				81176DA11C21F5160025EB6C /* ThreadingTest */,
			);
			name = Products;
			sourceTree = "<group>";
		};
		815D62011C1F667F005DB2A8 /* src */ = {
			isa = PBXGroup;
			children = (
				815D62031C1F66B3005DB2A8 /* modules */,
				815D62021C1F669E005DB2A8 /* common */,
				815D61F31C1F6574005DB2A8 /* main.cpp */,
			);
			name = src;
			path = GLSandbox;
			sourceTree = "<group>";
		};
		815D62021C1F669E005DB2A8 /* common */ = {
			isa = PBXGroup;
			children = (
				81176D8D1C1FC9850025EB6C /* gl */,
				815D62071C1F670F005DB2A8 /* app.cpp */,
				815D62081C1F670F005DB2A8 /* app.hpp */,
				81176D8E1C1FCBEF0025EB6C /* resources.cpp */,
				815D620D1C1F7D9F005DB2A8 /* triangles.hpp */,
				81176D8F1C1FCBEF0025EB6C /* resources.hpp */,
			);
			name = common;
			sourceTree = "<group>";
		};
		815D62031C1F66B3005DB2A8 /* modules */ = {
			isa = PBXGroup;
			children = (
				815D620B1C1F7D5E005DB2A8 /* triangles */,
				815D620A1C1F7CED005DB2A8 /* module.hpp */,
				815D620F1C1F7E42005DB2A8 /* modules.cpp */,
				815D62101C1F7E42005DB2A8 /* modules.hpp */,
			);
			name = modules;
			sourceTree = "<group>";
		};
		815D62041C1F66BD005DB2A8 /* shaders */ = {
			isa = PBXGroup;
			children = (
				815D62061C1F66E3005DB2A8 /* modules */,
				815D62051C1F66DC005DB2A8 /* common */,
			);
			name = shaders;
			path = GLSandbox;
			sourceTree = "<group>";
		};
		815D62051C1F66DC005DB2A8 /* common */ = {
			isa = PBXGroup;
			children = (
			);
			name = common;
			sourceTree = "<group>";
		};
		815D62061C1F66E3005DB2A8 /* modules */ = {
			isa = PBXGroup;
			children = (
				81176D831C1FC8E20025EB6C /* triangles */,
			);
			name = modules;
			sourceTree = "<group>";
		};
		815D620B1C1F7D5E005DB2A8 /* triangles */ = {
			isa = PBXGroup;
			children = (
				815D620C1C1F7D9F005DB2A8 /* triangles.cpp */,
			);
			name = triangles;
			sourceTree = "<group>";
		};
/* End PBXGroup section */

/* Begin PBXNativeTarget section */
		81176DA01C21F5160025EB6C /* ThreadingTest */ = {
			isa = PBXNativeTarget;
			buildConfigurationList = 81176DA51C21F5160025EB6C /* Build configuration list for PBXNativeTarget "ThreadingTest" */;
			buildPhases = (
				81176D9D1C21F5160025EB6C /* Sources */,
				81176D9E1C21F5160025EB6C /* Frameworks */,
				81176D9F1C21F5160025EB6C /* CopyFiles */,
			);
			buildRules = (
			);
			dependencies = (
			);
			name = ThreadingTest;
			productName = ThreadingTest;
			productReference = 81176DA11C21F5160025EB6C /* ThreadingTest */;
			productType = "com.apple.product-type.tool";
		};
		815D61DE1C1F652A005DB2A8 /* GLSandbox */ = {
			isa = PBXNativeTarget;
			buildConfigurationList = 815D61F01C1F652B005DB2A8 /* Build configuration list for PBXNativeTarget "GLSandbox" */;
			buildPhases = (
				815D61DB1C1F652A005DB2A8 /* Sources */,
				815D61DC1C1F652A005DB2A8 /* Frameworks */,
				815D61DD1C1F652A005DB2A8 /* Resources */,
			);
			buildRules = (
			);
			dependencies = (
			);
			name = GLSandbox;
			productName = GLSandbox;
			productReference = 815D61DF1C1F652A005DB2A8 /* GLSandbox.app */;
			productType = "com.apple.product-type.application";
		};
/* End PBXNativeTarget section */

/* Begin PBXProject section */
		815D61D71C1F652A005DB2A8 /* Project object */ = {
			isa = PBXProject;
			attributes = {
				LastUpgradeCheck = 0700;
				ORGANIZATIONNAME = "Seiji Emery";
				TargetAttributes = {
					81176DA01C21F5160025EB6C = {
						CreatedOnToolsVersion = 7.0;
					};
					815D61DE1C1F652A005DB2A8 = {
						CreatedOnToolsVersion = 7.0;
					};
				};
			};
			buildConfigurationList = 815D61DA1C1F652A005DB2A8 /* Build configuration list for PBXProject "GLSandbox" */;
			compatibilityVersion = "Xcode 3.2";
			developmentRegion = English;
			hasScannedForEncodings = 0;
			knownRegions = (
				en,
				Base,
			);
			mainGroup = 815D61D61C1F652A005DB2A8;
			productRefGroup = 815D61E01C1F652A005DB2A8 /* Products */;
			projectDirPath = "";
			projectRoot = "";
			targets = (
				815D61DE1C1F652A005DB2A8 /* GLSandbox */,
				81176DA01C21F5160025EB6C /* ThreadingTest */,
			);
		};
/* End PBXProject section */

/* Begin PBXResourcesBuildPhase section */
		815D61DD1C1F652A005DB2A8 /* Resources */ = {
			isa = PBXResourcesBuildPhase;
			buildActionMask = 2147483647;
			files = (
				81176D871C1FC9230025EB6C /* basic_shader.vs in Resources */,
				81176D851C1FC90D0025EB6C /* basic_shader.fs in Resources */,
			);
			runOnlyForDeploymentPostprocessing = 0;
		};
/* End PBXResourcesBuildPhase section */

/* Begin PBXSourcesBuildPhase section */
		81176D9D1C21F5160025EB6C /* Sources */ = {
			isa = PBXSourcesBuildPhase;
			buildActionMask = 2147483647;
			files = (
				81176DA41C21F5160025EB6C /* main.cpp in Sources */,
			);
			runOnlyForDeploymentPostprocessing = 0;
		};
		815D61DB1C1F652A005DB2A8 /* Sources */ = {
			isa = PBXSourcesBuildPhase;
			buildActionMask = 2147483647;
			files = (
				81176DAC1C22325E0025EB6C /* gl_wrapper.cpp in Sources */,
				815D61F41C1F6574005DB2A8 /* main.cpp in Sources */,
				815D62111C1F7E42005DB2A8 /* modules.cpp in Sources */,
				81176D8A1C1FC9640025EB6C /* gl_shaders.cpp in Sources */,
				815D620E1C1F7D9F005DB2A8 /* triangles.cpp in Sources */,
				815D62091C1F670F005DB2A8 /* app.cpp in Sources */,
				81176D901C1FCBEF0025EB6C /* resources.cpp in Sources */,
			);
			runOnlyForDeploymentPostprocessing = 0;
		};
/* End PBXSourcesBuildPhase section */

/* Begin XCBuildConfiguration section */
		81176DA61C21F5160025EB6C /* Debug */ = {
			isa = XCBuildConfiguration;
			buildSettings = {
				PRODUCT_NAME = "$(TARGET_NAME)";
			};
			name = Debug;
		};
		81176DA71C21F5160025EB6C /* Release */ = {
			isa = XCBuildConfiguration;
			buildSettings = {
				PRODUCT_NAME = "$(TARGET_NAME)";
			};
			name = Release;
		};
		815D61EE1C1F652B005DB2A8 /* Debug */ = {
			isa = XCBuildConfiguration;
			buildSettings = {
				ALWAYS_SEARCH_USER_PATHS = NO;
				CLANG_CXX_LANGUAGE_STANDARD = "gnu++0x";
				CLANG_CXX_LIBRARY = "libc++";
				CLANG_ENABLE_MODULES = YES;
				CLANG_ENABLE_OBJC_ARC = YES;
				CLANG_WARN_BOOL_CONVERSION = YES;
				CLANG_WARN_CONSTANT_CONVERSION = YES;
				CLANG_WARN_DIRECT_OBJC_ISA_USAGE = YES_ERROR;
				CLANG_WARN_EMPTY_BODY = YES;
				CLANG_WARN_ENUM_CONVERSION = YES;
				CLANG_WARN_INT_CONVERSION = YES;
				CLANG_WARN_OBJC_ROOT_CLASS = YES_ERROR;
				CLANG_WARN_UNREACHABLE_CODE = YES;
				CLANG_WARN__DUPLICATE_METHOD_MATCH = YES;
				CODE_SIGN_IDENTITY = "-";
				COPY_PHASE_STRIP = NO;
				DEBUG_INFORMATION_FORMAT = dwarf;
				ENABLE_STRICT_OBJC_MSGSEND = YES;
				ENABLE_TESTABILITY = YES;
				GCC_C_LANGUAGE_STANDARD = gnu99;
				GCC_DYNAMIC_NO_PIC = NO;
				GCC_NO_COMMON_BLOCKS = YES;
				GCC_OPTIMIZATION_LEVEL = 0;
				GCC_PREPROCESSOR_DEFINITIONS = (
					"DEBUG=1",
					"$(inherited)",
				);
				GCC_WARN_64_TO_32_BIT_CONVERSION = YES;
				GCC_WARN_ABOUT_RETURN_TYPE = YES_ERROR;
				GCC_WARN_UNDECLARED_SELECTOR = YES;
				GCC_WARN_UNINITIALIZED_AUTOS = YES_AGGRESSIVE;
				GCC_WARN_UNUSED_FUNCTION = YES;
				GCC_WARN_UNUSED_VARIABLE = YES;
				MACOSX_DEPLOYMENT_TARGET = 10.11;
				MTL_ENABLE_DEBUG_INFO = YES;
				ONLY_ACTIVE_ARCH = YES;
				SDKROOT = macosx;
			};
			name = Debug;
		};
		815D61EF1C1F652B005DB2A8 /* Release */ = {
			isa = XCBuildConfiguration;
			buildSettings = {
				ALWAYS_SEARCH_USER_PATHS = NO;
				CLANG_CXX_LANGUAGE_STANDARD = "gnu++0x";
				CLANG_CXX_LIBRARY = "libc++";
				CLANG_ENABLE_MODULES = YES;
				CLANG_ENABLE_OBJC_ARC = YES;
				CLANG_WARN_BOOL_CONVERSION = YES;
				CLANG_WARN_CONSTANT_CONVERSION = YES;
				CLANG_WARN_DIRECT_OBJC_ISA_USAGE = YES_ERROR;
				CLANG_WARN_EMPTY_BODY = YES;
				CLANG_WARN_ENUM_CONVERSION = YES;
				CLANG_WARN_INT_CONVERSION = YES;
				CLANG_WARN_OBJC_ROOT_CLASS = YES_ERROR;
				CLANG_WARN_UNREACHABLE_CODE = YES;
				CLANG_WARN__DUPLICATE_METHOD_MATCH = YES;
				CODE_SIGN_IDENTITY = "-";
				COPY_PHASE_STRIP = NO;
				DEBUG_INFORMATION_FORMAT = "dwarf-with-dsym";
				ENABLE_NS_ASSERTIONS = NO;
				ENABLE_STRICT_OBJC_MSGSEND = YES;
				GCC_C_LANGUAGE_STANDARD = gnu99;
				GCC_NO_COMMON_BLOCKS = YES;
				GCC_WARN_64_TO_32_BIT_CONVERSION = YES;
				GCC_WARN_ABOUT_RETURN_TYPE = YES_ERROR;
				GCC_WARN_UNDECLARED_SELECTOR = YES;
				GCC_WARN_UNINITIALIZED_AUTOS = YES_AGGRESSIVE;
				GCC_WARN_UNUSED_FUNCTION = YES;
				GCC_WARN_UNUSED_VARIABLE = YES;
				MACOSX_DEPLOYMENT_TARGET = 10.11;
				MTL_ENABLE_DEBUG_INFO = NO;
				SDKROOT = macosx;
			};
			name = Release;
		};
		815D61F11C1F652B005DB2A8 /* Debug */ = {
			isa = XCBuildConfiguration;
			buildSettings = {
				ASSETCATALOG_COMPILER_APPICON_NAME = AppIcon;
				CLANG_CXX_LANGUAGE_STANDARD = "gnu++14";
				COMBINE_HIDPI_IMAGES = YES;
				GCC_ENABLE_CPP_RTTI = NO;
				HEADER_SEARCH_PATHS = /usr/local/include;
				INFOPLIST_FILE = GLSandbox/Info.plist;
				LD_RUNPATH_SEARCH_PATHS = "$(inherited) @executable_path/../Frameworks";
				LIBRARY_SEARCH_PATHS = (
					"$(inherited)",
					/usr/local/lib,
					/usr/local/Cellar/boost/1.58.0/lib,
				);
				PRODUCT_BUNDLE_IDENTIFIER = "n-a.GLSandbox";
				PRODUCT_NAME = "$(TARGET_NAME)";
			};
			name = Debug;
		};
		815D61F21C1F652B005DB2A8 /* Release */ = {
			isa = XCBuildConfiguration;
			buildSettings = {
				ASSETCATALOG_COMPILER_APPICON_NAME = AppIcon;
				CLANG_CXX_LANGUAGE_STANDARD = "gnu++14";
				COMBINE_HIDPI_IMAGES = YES;
				GCC_ENABLE_CPP_RTTI = NO;
				HEADER_SEARCH_PATHS = /usr/local/include;
				INFOPLIST_FILE = GLSandbox/Info.plist;
				LD_RUNPATH_SEARCH_PATHS = "$(inherited) @executable_path/../Frameworks";
				LIBRARY_SEARCH_PATHS = (
					"$(inherited)",
					/usr/local/lib,
					/usr/local/Cellar/boost/1.58.0/lib,
				);
				PRODUCT_BUNDLE_IDENTIFIER = "n-a.GLSandbox";
				PRODUCT_NAME = "$(TARGET_NAME)";
			};
			name = Release;
		};
/* End XCBuildConfiguration section */

/* Begin XCConfigurationList section */
		81176DA51C21F5160025EB6C /* Build configuration list for PBXNativeTarget "ThreadingTest" */ = {
			isa = XCConfigurationList;
			buildConfigurations = (
				81176DA61C21F5160025EB6C /* Debug */,
				81176DA71C21F5160025EB6C /* Release */,
			);
			defaultConfigurationIsVisible = 0;
		};
		815D61DA1C1F652A005DB2A8 /* Build configuration list for PBXProject "GLSandbox" */ = {
			isa = XCConfigurationList;
			buildConfigurations = (
				815D61EE1C1F652B005DB2A8 /* Debug */,
				815D61EF1C1F652B005DB2A8 /* Release */,
			);
			defaultConfigurationIsVisible = 0;
			defaultConfigurationName = Release;
		};
		815D61F01C1F652B005DB2A8 /* Build configuration list for PBXNativeTarget "GLSandbox" */ = {
			isa = XCConfigurationList;
			buildConfigurations = (
				815D61F11C1F652B005DB2A8 /* Debug */,
				815D61F21C1F652B005DB2A8 /* Release */,
			);
			defaultConfigurationIsVisible = 0;
			defaultConfigurationName = Release;
		};
/* End XCConfigurationList section */
	};
	rootObject = 815D61D71C1F652A005DB2A8 /* Project object */;
}
